
Microsoft Visual Studio Solution File, Format Version 12.00
# Visual Studio Version 16
Project("{2150E333-8FDC-42A3-9474-1A3956D46DE8}") = "UI", "UI", "{B29A798D-5387-4533-B5DD-427317E10FE4}"
EndProject
Project("{FAE04EC0-301F-11D3-BF4B-00C04F79EFBC}") = "RemoteNotes.UI.Shell", "RemoteNotes\UI\RemoteNotes.UI.Shell\RemoteNotes.UI.Shell.csproj", "{948D2B0B-A43E-4156-ACDD-577D8303336F}"
EndProject
Project("{FAE04EC0-301F-11D3-BF4B-00C04F79EFBC}") = "RemoteNotes.UI.Control", "RemoteNotes\UI\RemoteNotes.UI.Control\RemoteNotes.UI.Control.csproj", "{BBC84BC1-03CF-4609-BA89-4CA676DC6180}"
EndProject
Project("{FAE04EC0-301F-11D3-BF4B-00C04F79EFBC}") = "RemoteNotes.UI.ViewModel", "RemoteNotes\UI\RemoteNotes.UI.ViewModel\RemoteNotes.UI.ViewModel.csproj", "{121F944B-BD39-48FE-BFF3-9DC045FB2F21}"
EndProject
Project("{2150E333-8FDC-42A3-9474-1A3956D46DE8}") = "Platform", "Platform", "{15632704-122A-4B12-8D7D-099E64BC93BC}"
EndProject
Project("{FAE04EC0-301F-11D3-BF4B-00C04F79EFBC}") = "RemoteNotes.Android", "RemoteNotes\Platform\RemoteNotes.Android\RemoteNotes.Android.csproj", "{31CB89BC-8CB1-4923-A8FA-FB6061E7BF23}"
EndProject
Project("{FAE04EC0-301F-11D3-BF4B-00C04F79EFBC}") = "RemoteNotes.iOS", "RemoteNotes\Platform\RemoteNotes.iOS\RemoteNotes.iOS.csproj", "{A2E8F95C-AE94-4D20-9DE2-7B01635CEA5E}"
EndProject
Project("{2150E333-8FDC-42A3-9474-1A3956D46DE8}") = "Service", "Service", "{2CA9EFDA-D482-48A5-9B72-66A9E3F6ECAE}"
EndProject
Project("{FAE04EC0-301F-11D3-BF4B-00C04F79EFBC}") = "RemoteNotes.Service.Domain", "RemoteNotes.Service\RemoteNotes.Service.Domain\RemoteNotes.Service.Domain.csproj", "{DA6E8FC5-4A71-4894-AD21-F5063D141834}"
EndProject
Project("{FAE04EC0-301F-11D3-BF4B-00C04F79EFBC}") = "RemoteNotes.Service.Client.Stub", "RemoteNotes.Service.Client\RemoteNotes.Service.Client.Stub\RemoteNotes.Service.Client.Stub.csproj", "{1392421E-BF8A-4D3A-A2B1-A091E170ED57}"
EndProject
Project("{FAE04EC0-301F-11D3-BF4B-00C04F79EFBC}") = "RemoteNotes.Service.Client.Contract", "RemoteNotes.Service.Client\RemoteNotes.Service.Client.Contract\RemoteNotes.Service.Client.Contract.csproj", "{71AD149E-C43E-4C0C-ADA0-3F7442FFF719}"
EndProject
Project("{2150E333-8FDC-42A3-9474-1A3956D46DE8}") = "Core", "Core", "{52EC53C5-E341-42A6-8818-F34859633B66}"
EndProject
Project("{2150E333-8FDC-42A3-9474-1A3956D46DE8}") = "Tests", "Tests", "{119EB17D-35D5-4DC6-BCFC-C7D59EB7D036}"
EndProject
Project("{FAE04EC0-301F-11D3-BF4B-00C04F79EFBC}") = "RemoteNotes.UI.Dependency.Test", "RemoteNotes\Tests\RemoteNotes.UI.Dependency.Test\RemoteNotes.UI.Dependency.Test.csproj", "{D26B51D8-24A5-4F41-975A-8CABCBF257B9}"
EndProject
Project("{FAE04EC0-301F-11D3-BF4B-00C04F79EFBC}") = "RemoteNotes.Rules", "..\RemoteNotes.Core\RemoteNotes.Rules\RemoteNotes.Rules.csproj", "{23EF10DC-4BFA-4971-AB60-04064E4C4099}"
EndProject
Project("{FAE04EC0-301F-11D3-BF4B-00C04F79EFBC}") = "RemoteNotes.Rules.Contract", "..\RemoteNotes.Core\RemoteNotes.Rules.Contract\RemoteNotes.Rules.Contract.csproj", "{45EC29C2-2AB6-40A9-B83A-262BF6979936}"
EndProject
Project("{FAE04EC0-301F-11D3-BF4B-00C04F79EFBC}") = "RemoteNotes.Domain", "..\RemoteNotes.Core\RemoteNotes.Domain\RemoteNotes.Domain.csproj", "{A23109BB-641B-42F1-94E0-0C1FB5AB690A}"
EndProject
Global
	GlobalSection(SolutionConfigurationPlatforms) = preSolution
		Ad-Hoc|iPhone = Ad-Hoc|iPhone
		AppStore|iPhone = AppStore|iPhone
		Debug|Any CPU = Debug|Any CPU
		Debug|iPhone = Debug|iPhone
		Debug|iPhoneSimulator = Debug|iPhoneSimulator
		Release|Any CPU = Release|Any CPU
		Release|iPhone = Release|iPhone
		Release|iPhoneSimulator = Release|iPhoneSimulator
	EndGlobalSection
	GlobalSection(ProjectConfigurationPlatforms) = postSolution
		{948D2B0B-A43E-4156-ACDD-577D8303336F}.Ad-Hoc|iPhone.ActiveCfg = Debug|Any CPU
		{948D2B0B-A43E-4156-ACDD-577D8303336F}.Ad-Hoc|iPhone.Build.0 = Debug|Any CPU
		{948D2B0B-A43E-4156-ACDD-577D8303336F}.AppStore|iPhone.ActiveCfg = Debug|Any CPU
		{948D2B0B-A43E-4156-ACDD-577D8303336F}.AppStore|iPhone.Build.0 = Debug|Any CPU
		{948D2B0B-A43E-4156-ACDD-577D8303336F}.Debug|Any CPU.ActiveCfg = Debug|Any CPU
		{948D2B0B-A43E-4156-ACDD-577D8303336F}.Debug|Any CPU.Build.0 = Debug|Any CPU
		{948D2B0B-A43E-4156-ACDD-577D8303336F}.Debug|iPhone.ActiveCfg = Debug|Any CPU
		{948D2B0B-A43E-4156-ACDD-577D8303336F}.Debug|iPhone.Build.0 = Debug|Any CPU
		{948D2B0B-A43E-4156-ACDD-577D8303336F}.Debug|iPhoneSimulator.ActiveCfg = Debug|Any CPU
		{948D2B0B-A43E-4156-ACDD-577D8303336F}.Debug|iPhoneSimulator.Build.0 = Debug|Any CPU
		{948D2B0B-A43E-4156-ACDD-577D8303336F}.Release|Any CPU.ActiveCfg = Release|Any CPU
		{948D2B0B-A43E-4156-ACDD-577D8303336F}.Release|Any CPU.Build.0 = Release|Any CPU
		{948D2B0B-A43E-4156-ACDD-577D8303336F}.Release|iPhone.ActiveCfg = Release|Any CPU
		{948D2B0B-A43E-4156-ACDD-577D8303336F}.Release|iPhone.Build.0 = Release|Any CPU
		{948D2B0B-A43E-4156-ACDD-577D8303336F}.Release|iPhoneSimulator.ActiveCfg = Release|Any CPU
		{948D2B0B-A43E-4156-ACDD-577D8303336F}.Release|iPhoneSimulator.Build.0 = Release|Any CPU
		{BBC84BC1-03CF-4609-BA89-4CA676DC6180}.Ad-Hoc|iPhone.ActiveCfg = Debug|Any CPU
		{BBC84BC1-03CF-4609-BA89-4CA676DC6180}.Ad-Hoc|iPhone.Build.0 = Debug|Any CPU
		{BBC84BC1-03CF-4609-BA89-4CA676DC6180}.AppStore|iPhone.ActiveCfg = Debug|Any CPU
		{BBC84BC1-03CF-4609-BA89-4CA676DC6180}.AppStore|iPhone.Build.0 = Debug|Any CPU
		{BBC84BC1-03CF-4609-BA89-4CA676DC6180}.Debug|Any CPU.ActiveCfg = Debug|Any CPU
		{BBC84BC1-03CF-4609-BA89-4CA676DC6180}.Debug|Any CPU.Build.0 = Debug|Any CPU
		{BBC84BC1-03CF-4609-BA89-4CA676DC6180}.Debug|iPhone.ActiveCfg = Debug|Any CPU
		{BBC84BC1-03CF-4609-BA89-4CA676DC6180}.Debug|iPhone.Build.0 = Debug|Any CPU
		{BBC84BC1-03CF-4609-BA89-4CA676DC6180}.Debug|iPhoneSimulator.ActiveCfg = Debug|Any CPU
		{BBC84BC1-03CF-4609-BA89-4CA676DC6180}.Debug|iPhoneSimulator.Build.0 = Debug|Any CPU
		{BBC84BC1-03CF-4609-BA89-4CA676DC6180}.Release|Any CPU.ActiveCfg = Release|Any CPU
		{BBC84BC1-03CF-4609-BA89-4CA676DC6180}.Release|Any CPU.Build.0 = Release|Any CPU
		{BBC84BC1-03CF-4609-BA89-4CA676DC6180}.Release|iPhone.ActiveCfg = Release|Any CPU
		{BBC84BC1-03CF-4609-BA89-4CA676DC6180}.Release|iPhone.Build.0 = Release|Any CPU
		{BBC84BC1-03CF-4609-BA89-4CA676DC6180}.Release|iPhoneSimulator.ActiveCfg = Release|Any CPU
		{BBC84BC1-03CF-4609-BA89-4CA676DC6180}.Release|iPhoneSimulator.Build.0 = Release|Any CPU
		{121F944B-BD39-48FE-BFF3-9DC045FB2F21}.Ad-Hoc|iPhone.ActiveCfg = Debug|Any CPU
		{121F944B-BD39-48FE-BFF3-9DC045FB2F21}.Ad-Hoc|iPhone.Build.0 = Debug|Any CPU
		{121F944B-BD39-48FE-BFF3-9DC045FB2F21}.AppStore|iPhone.ActiveCfg = Debug|Any CPU
		{121F944B-BD39-48FE-BFF3-9DC045FB2F21}.AppStore|iPhone.Build.0 = Debug|Any CPU
		{121F944B-BD39-48FE-BFF3-9DC045FB2F21}.Debug|Any CPU.ActiveCfg = Debug|Any CPU
		{121F944B-BD39-48FE-BFF3-9DC045FB2F21}.Debug|Any CPU.Build.0 = Debug|Any CPU
		{121F944B-BD39-48FE-BFF3-9DC045FB2F21}.Debug|iPhone.ActiveCfg = Debug|Any CPU
		{121F944B-BD39-48FE-BFF3-9DC045FB2F21}.Debug|iPhone.Build.0 = Debug|Any CPU
		{121F944B-BD39-48FE-BFF3-9DC045FB2F21}.Debug|iPhoneSimulator.ActiveCfg = Debug|Any CPU
		{121F944B-BD39-48FE-BFF3-9DC045FB2F21}.Debug|iPhoneSimulator.Build.0 = Debug|Any CPU
		{121F944B-BD39-48FE-BFF3-9DC045FB2F21}.Release|Any CPU.ActiveCfg = Release|Any CPU
		{121F944B-BD39-48FE-BFF3-9DC045FB2F21}.Release|Any CPU.Build.0 = Release|Any CPU
		{121F944B-BD39-48FE-BFF3-9DC045FB2F21}.Release|iPhone.ActiveCfg = Release|Any CPU
		{121F944B-BD39-48FE-BFF3-9DC045FB2F21}.Release|iPhone.Build.0 = Release|Any CPU
		{121F944B-BD39-48FE-BFF3-9DC045FB2F21}.Release|iPhoneSimulator.ActiveCfg = Release|Any CPU
		{121F944B-BD39-48FE-BFF3-9DC045FB2F21}.Release|iPhoneSimulator.Build.0 = Release|Any CPU
		{31CB89BC-8CB1-4923-A8FA-FB6061E7BF23}.Ad-Hoc|iPhone.ActiveCfg = Debug|Any CPU
		{31CB89BC-8CB1-4923-A8FA-FB6061E7BF23}.Ad-Hoc|iPhone.Build.0 = Debug|Any CPU
		{31CB89BC-8CB1-4923-A8FA-FB6061E7BF23}.AppStore|iPhone.ActiveCfg = Debug|Any CPU
		{31CB89BC-8CB1-4923-A8FA-FB6061E7BF23}.AppStore|iPhone.Build.0 = Debug|Any CPU
		{31CB89BC-8CB1-4923-A8FA-FB6061E7BF23}.Debug|Any CPU.ActiveCfg = Debug|Any CPU
		{31CB89BC-8CB1-4923-A8FA-FB6061E7BF23}.Debug|Any CPU.Build.0 = Debug|Any CPU
		{31CB89BC-8CB1-4923-A8FA-FB6061E7BF23}.Debug|iPhone.ActiveCfg = Debug|Any CPU
		{31CB89BC-8CB1-4923-A8FA-FB6061E7BF23}.Debug|iPhone.Build.0 = Debug|Any CPU
		{31CB89BC-8CB1-4923-A8FA-FB6061E7BF23}.Debug|iPhoneSimulator.ActiveCfg = Debug|Any CPU
		{31CB89BC-8CB1-4923-A8FA-FB6061E7BF23}.Debug|iPhoneSimulator.Build.0 = Debug|Any CPU
		{31CB89BC-8CB1-4923-A8FA-FB6061E7BF23}.Release|Any CPU.ActiveCfg = Release|Any CPU
		{31CB89BC-8CB1-4923-A8FA-FB6061E7BF23}.Release|Any CPU.Build.0 = Release|Any CPU
		{31CB89BC-8CB1-4923-A8FA-FB6061E7BF23}.Release|iPhone.ActiveCfg = Release|Any CPU
		{31CB89BC-8CB1-4923-A8FA-FB6061E7BF23}.Release|iPhone.Build.0 = Release|Any CPU
		{31CB89BC-8CB1-4923-A8FA-FB6061E7BF23}.Release|iPhoneSimulator.ActiveCfg = Release|Any CPU
		{31CB89BC-8CB1-4923-A8FA-FB6061E7BF23}.Release|iPhoneSimulator.Build.0 = Release|Any CPU
		{A2E8F95C-AE94-4D20-9DE2-7B01635CEA5E}.Ad-Hoc|iPhone.ActiveCfg = Ad-Hoc|iPhone
		{A2E8F95C-AE94-4D20-9DE2-7B01635CEA5E}.Ad-Hoc|iPhone.Build.0 = Ad-Hoc|iPhone
		{A2E8F95C-AE94-4D20-9DE2-7B01635CEA5E}.AppStore|iPhone.ActiveCfg = AppStore|iPhone
		{A2E8F95C-AE94-4D20-9DE2-7B01635CEA5E}.AppStore|iPhone.Build.0 = AppStore|iPhone
		{A2E8F95C-AE94-4D20-9DE2-7B01635CEA5E}.Debug|Any CPU.ActiveCfg = Debug|iPhoneSimulator
		{A2E8F95C-AE94-4D20-9DE2-7B01635CEA5E}.Debug|Any CPU.Build.0 = Debug|iPhoneSimulator
		{A2E8F95C-AE94-4D20-9DE2-7B01635CEA5E}.Debug|iPhone.ActiveCfg = Debug|iPhone
		{A2E8F95C-AE94-4D20-9DE2-7B01635CEA5E}.Debug|iPhone.Build.0 = Debug|iPhone
		{A2E8F95C-AE94-4D20-9DE2-7B01635CEA5E}.Debug|iPhoneSimulator.ActiveCfg = Debug|iPhoneSimulator
		{A2E8F95C-AE94-4D20-9DE2-7B01635CEA5E}.Debug|iPhoneSimulator.Build.0 = Debug|iPhoneSimulator
		{A2E8F95C-AE94-4D20-9DE2-7B01635CEA5E}.Release|Any CPU.ActiveCfg = Release|iPhoneSimulator
		{A2E8F95C-AE94-4D20-9DE2-7B01635CEA5E}.Release|Any CPU.Build.0 = Release|iPhoneSimulator
		{A2E8F95C-AE94-4D20-9DE2-7B01635CEA5E}.Release|iPhone.ActiveCfg = Release|iPhone
		{A2E8F95C-AE94-4D20-9DE2-7B01635CEA5E}.Release|iPhone.Build.0 = Release|iPhone
		{A2E8F95C-AE94-4D20-9DE2-7B01635CEA5E}.Release|iPhoneSimulator.ActiveCfg = Release|iPhoneSimulator
		{A2E8F95C-AE94-4D20-9DE2-7B01635CEA5E}.Release|iPhoneSimulator.Build.0 = Release|iPhoneSimulator
		{DA6E8FC5-4A71-4894-AD21-F5063D141834}.Ad-Hoc|iPhone.ActiveCfg = Debug|Any CPU
		{DA6E8FC5-4A71-4894-AD21-F5063D141834}.Ad-Hoc|iPhone.Build.0 = Debug|Any CPU
		{DA6E8FC5-4A71-4894-AD21-F5063D141834}.AppStore|iPhone.ActiveCfg = Debug|Any CPU
		{DA6E8FC5-4A71-4894-AD21-F5063D141834}.AppStore|iPhone.Build.0 = Debug|Any CPU
		{DA6E8FC5-4A71-4894-AD21-F5063D141834}.Debug|Any CPU.ActiveCfg = Debug|Any CPU
		{DA6E8FC5-4A71-4894-AD21-F5063D141834}.Debug|Any CPU.Build.0 = Debug|Any CPU
		{DA6E8FC5-4A71-4894-AD21-F5063D141834}.Debug|iPhone.ActiveCfg = Debug|Any CPU
		{DA6E8FC5-4A71-4894-AD21-F5063D141834}.Debug|iPhone.Build.0 = Debug|Any CPU
		{DA6E8FC5-4A71-4894-AD21-F5063D141834}.Debug|iPhoneSimulator.ActiveCfg = Debug|Any CPU
		{DA6E8FC5-4A71-4894-AD21-F5063D141834}.Debug|iPhoneSimulator.Build.0 = Debug|Any CPU
		{DA6E8FC5-4A71-4894-AD21-F5063D141834}.Release|Any CPU.ActiveCfg = Release|Any CPU
		{DA6E8FC5-4A71-4894-AD21-F5063D141834}.Release|Any CPU.Build.0 = Release|Any CPU
		{DA6E8FC5-4A71-4894-AD21-F5063D141834}.Release|iPhone.ActiveCfg = Release|Any CPU
		{DA6E8FC5-4A71-4894-AD21-F5063D141834}.Release|iPhone.Build.0 = Release|Any CPU
		{DA6E8FC5-4A71-4894-AD21-F5063D141834}.Release|iPhoneSimulator.ActiveCfg = Release|Any CPU
		{DA6E8FC5-4A71-4894-AD21-F5063D141834}.Release|iPhoneSimulator.Build.0 = Release|Any CPU
		{1392421E-BF8A-4D3A-A2B1-A091E170ED57}.Ad-Hoc|iPhone.ActiveCfg = Debug|Any CPU
		{1392421E-BF8A-4D3A-A2B1-A091E170ED57}.Ad-Hoc|iPhone.Build.0 = Debug|Any CPU
		{1392421E-BF8A-4D3A-A2B1-A091E170ED57}.AppStore|iPhone.ActiveCfg = Debug|Any CPU
		{1392421E-BF8A-4D3A-A2B1-A091E170ED57}.AppStore|iPhone.Build.0 = Debug|Any CPU
		{1392421E-BF8A-4D3A-A2B1-A091E170ED57}.Debug|Any CPU.ActiveCfg = Debug|Any CPU
		{1392421E-BF8A-4D3A-A2B1-A091E170ED57}.Debug|Any CPU.Build.0 = Debug|Any CPU
		{1392421E-BF8A-4D3A-A2B1-A091E170ED57}.Debug|iPhone.ActiveCfg = Debug|Any CPU
		{1392421E-BF8A-4D3A-A2B1-A091E170ED57}.Debug|iPhone.Build.0 = Debug|Any CPU
		{1392421E-BF8A-4D3A-A2B1-A091E170ED57}.Debug|iPhoneSimulator.ActiveCfg = Debug|Any CPU
		{1392421E-BF8A-4D3A-A2B1-A091E170ED57}.Debug|iPhoneSimulator.Build.0 = Debug|Any CPU
		{1392421E-BF8A-4D3A-A2B1-A091E170ED57}.Release|Any CPU.ActiveCfg = Release|Any CPU
		{1392421E-BF8A-4D3A-A2B1-A091E170ED57}.Release|Any CPU.Build.0 = Release|Any CPU
		{1392421E-BF8A-4D3A-A2B1-A091E170ED57}.Release|iPhone.ActiveCfg = Release|Any CPU
		{1392421E-BF8A-4D3A-A2B1-A091E170ED57}.Release|iPhone.Build.0 = Release|Any CPU
		{1392421E-BF8A-4D3A-A2B1-A091E170ED57}.Release|iPhoneSimulator.ActiveCfg = Release|Any CPU
		{1392421E-BF8A-4D3A-A2B1-A091E170ED57}.Release|iPhoneSimulator.Build.0 = Release|Any CPU
		{71AD149E-C43E-4C0C-ADA0-3F7442FFF719}.Ad-Hoc|iPhone.ActiveCfg = Debug|Any CPU
		{71AD149E-C43E-4C0C-ADA0-3F7442FFF719}.Ad-Hoc|iPhone.Build.0 = Debug|Any CPU
		{71AD149E-C43E-4C0C-ADA0-3F7442FFF719}.AppStore|iPhone.ActiveCfg = Debug|Any CPU
		{71AD149E-C43E-4C0C-ADA0-3F7442FFF719}.AppStore|iPhone.Build.0 = Debug|Any CPU
		{71AD149E-C43E-4C0C-ADA0-3F7442FFF719}.Debug|Any CPU.ActiveCfg = Debug|Any CPU
		{71AD149E-C43E-4C0C-ADA0-3F7442FFF719}.Debug|Any CPU.Build.0 = Debug|Any CPU
		{71AD149E-C43E-4C0C-ADA0-3F7442FFF719}.Debug|iPhone.ActiveCfg = Debug|Any CPU
		{71AD149E-C43E-4C0C-ADA0-3F7442FFF719}.Debug|iPhone.Build.0 = Debug|Any CPU
		{71AD149E-C43E-4C0C-ADA0-3F7442FFF719}.Debug|iPhoneSimulator.ActiveCfg = Debug|Any CPU
		{71AD149E-C43E-4C0C-ADA0-3F7442FFF719}.Debug|iPhoneSimulator.Build.0 = Debug|Any CPU
		{71AD149E-C43E-4C0C-ADA0-3F7442FFF719}.Release|Any CPU.ActiveCfg = Release|Any CPU
		{71AD149E-C43E-4C0C-ADA0-3F7442FFF719}.Release|Any CPU.Build.0 = Release|Any CPU
		{71AD149E-C43E-4C0C-ADA0-3F7442FFF719}.Release|iPhone.ActiveCfg = Release|Any CPU
		{71AD149E-C43E-4C0C-ADA0-3F7442FFF719}.Release|iPhone.Build.0 = Release|Any CPU
		{71AD149E-C43E-4C0C-ADA0-3F7442FFF719}.Release|iPhoneSimulator.ActiveCfg = Release|Any CPU
		{71AD149E-C43E-4C0C-ADA0-3F7442FFF719}.Release|iPhoneSimulator.Build.0 = Release|Any CPU
		{D26B51D8-24A5-4F41-975A-8CABCBF257B9}.Ad-Hoc|iPhone.ActiveCfg = Debug|Any CPU
		{D26B51D8-24A5-4F41-975A-8CABCBF257B9}.Ad-Hoc|iPhone.Build.0 = Debug|Any CPU
		{D26B51D8-24A5-4F41-975A-8CABCBF257B9}.AppStore|iPhone.ActiveCfg = Debug|Any CPU
		{D26B51D8-24A5-4F41-975A-8CABCBF257B9}.AppStore|iPhone.Build.0 = Debug|Any CPU
		{D26B51D8-24A5-4F41-975A-8CABCBF257B9}.Debug|Any CPU.ActiveCfg = Debug|Any CPU
		{D26B51D8-24A5-4F41-975A-8CABCBF257B9}.Debug|Any CPU.Build.0 = Debug|Any CPU
		{D26B51D8-24A5-4F41-975A-8CABCBF257B9}.Debug|iPhone.ActiveCfg = Debug|Any CPU
		{D26B51D8-24A5-4F41-975A-8CABCBF257B9}.Debug|iPhone.Build.0 = Debug|Any CPU
		{D26B51D8-24A5-4F41-975A-8CABCBF257B9}.Debug|iPhoneSimulator.ActiveCfg = Debug|Any CPU
		{D26B51D8-24A5-4F41-975A-8CABCBF257B9}.Debug|iPhoneSimulator.Build.0 = Debug|Any CPU
		{D26B51D8-24A5-4F41-975A-8CABCBF257B9}.Release|Any CPU.ActiveCfg = Release|Any CPU
		{D26B51D8-24A5-4F41-975A-8CABCBF257B9}.Release|Any CPU.Build.0 = Release|Any CPU
		{D26B51D8-24A5-4F41-975A-8CABCBF257B9}.Release|iPhone.ActiveCfg = Release|Any CPU
		{D26B51D8-24A5-4F41-975A-8CABCBF257B9}.Release|iPhone.Build.0 = Release|Any CPU
		{D26B51D8-24A5-4F41-975A-8CABCBF257B9}.Release|iPhoneSimulator.ActiveCfg = Release|Any CPU
		{D26B51D8-24A5-4F41-975A-8CABCBF257B9}.Release|iPhoneSimulator.Build.0 = Release|Any CPU
		{23EF10DC-4BFA-4971-AB60-04064E4C4099}.Ad-Hoc|iPhone.ActiveCfg = Debug|Any CPU
		{23EF10DC-4BFA-4971-AB60-04064E4C4099}.Ad-Hoc|iPhone.Build.0 = Debug|Any CPU
		{23EF10DC-4BFA-4971-AB60-04064E4C4099}.AppStore|iPhone.ActiveCfg = Debug|Any CPU
		{23EF10DC-4BFA-4971-AB60-04064E4C4099}.AppStore|iPhone.Build.0 = Debug|Any CPU
		{23EF10DC-4BFA-4971-AB60-04064E4C4099}.Debug|Any CPU.ActiveCfg = Debug|Any CPU
		{23EF10DC-4BFA-4971-AB60-04064E4C4099}.Debug|Any CPU.Build.0 = Debug|Any CPU
		{23EF10DC-4BFA-4971-AB60-04064E4C4099}.Debug|iPhone.ActiveCfg = Debug|Any CPU
		{23EF10DC-4BFA-4971-AB60-04064E4C4099}.Debug|iPhone.Build.0 = Debug|Any CPU
		{23EF10DC-4BFA-4971-AB60-04064E4C4099}.Debug|iPhoneSimulator.ActiveCfg = Debug|Any CPU
		{23EF10DC-4BFA-4971-AB60-04064E4C4099}.Debug|iPhoneSimulator.Build.0 = Debug|Any CPU
		{23EF10DC-4BFA-4971-AB60-04064E4C4099}.Release|Any CPU.ActiveCfg = Release|Any CPU
		{23EF10DC-4BFA-4971-AB60-04064E4C4099}.Release|Any CPU.Build.0 = Release|Any CPU
		{23EF10DC-4BFA-4971-AB60-04064E4C4099}.Release|iPhone.ActiveCfg = Release|Any CPU
		{23EF10DC-4BFA-4971-AB60-04064E4C4099}.Release|iPhone.Build.0 = Release|Any CPU
		{23EF10DC-4BFA-4971-AB60-04064E4C4099}.Release|iPhoneSimulator.ActiveCfg = Release|Any CPU
		{23EF10DC-4BFA-4971-AB60-04064E4C4099}.Release|iPhoneSimulator.Build.0 = Release|Any CPU
		{45EC29C2-2AB6-40A9-B83A-262BF6979936}.Ad-Hoc|iPhone.ActiveCfg = Debug|Any CPU
		{45EC29C2-2AB6-40A9-B83A-262BF6979936}.Ad-Hoc|iPhone.Build.0 = Debug|Any CPU
		{45EC29C2-2AB6-40A9-B83A-262BF6979936}.AppStore|iPhone.ActiveCfg = Debug|Any CPU
		{45EC29C2-2AB6-40A9-B83A-262BF6979936}.AppStore|iPhone.Build.0 = Debug|Any CPU
		{45EC29C2-2AB6-40A9-B83A-262BF6979936}.Debug|Any CPU.ActiveCfg = Debug|Any CPU
		{45EC29C2-2AB6-40A9-B83A-262BF6979936}.Debug|Any CPU.Build.0 = Debug|Any CPU
		{45EC29C2-2AB6-40A9-B83A-262BF6979936}.Debug|iPhone.ActiveCfg = Debug|Any CPU
		{45EC29C2-2AB6-40A9-B83A-262BF6979936}.Debug|iPhone.Build.0 = Debug|Any CPU
		{45EC29C2-2AB6-40A9-B83A-262BF6979936}.Debug|iPhoneSimulator.ActiveCfg = Debug|Any CPU
		{45EC29C2-2AB6-40A9-B83A-262BF6979936}.Debug|iPhoneSimulator.Build.0 = Debug|Any CPU
		{45EC29C2-2AB6-40A9-B83A-262BF6979936}.Release|Any CPU.ActiveCfg = Release|Any CPU
		{45EC29C2-2AB6-40A9-B83A-262BF6979936}.Release|Any CPU.Build.0 = Release|Any CPU
		{45EC29C2-2AB6-40A9-B83A-262BF6979936}.Release|iPhone.ActiveCfg = Release|Any CPU
		{45EC29C2-2AB6-40A9-B83A-262BF6979936}.Release|iPhone.Build.0 = Release|Any CPU
		{45EC29C2-2AB6-40A9-B83A-262BF6979936}.Release|iPhoneSimulator.ActiveCfg = Release|Any CPU
		{45EC29C2-2AB6-40A9-B83A-262BF6979936}.Release|iPhoneSimulator.Build.0 = Release|Any CPU
		{A23109BB-641B-42F1-94E0-0C1FB5AB690A}.Ad-Hoc|iPhone.ActiveCfg = Release|Any CPU
		{A23109BB-641B-42F1-94E0-0C1FB5AB690A}.Ad-Hoc|iPhone.Build.0 = Release|Any CPU
		{A23109BB-641B-42F1-94E0-0C1FB5AB690A}.AppStore|iPhone.ActiveCfg = Release|Any CPU
		{A23109BB-641B-42F1-94E0-0C1FB5AB690A}.AppStore|iPhone.Build.0 = Release|Any CPU
		{A23109BB-641B-42F1-94E0-0C1FB5AB690A}.Debug|Any CPU.ActiveCfg = Debug|Any CPU
		{A23109BB-641B-42F1-94E0-0C1FB5AB690A}.Debug|Any CPU.Build.0 = Debug|Any CPU
		{A23109BB-641B-42F1-94E0-0C1FB5AB690A}.Debug|iPhone.ActiveCfg = Debug|Any CPU
		{A23109BB-641B-42F1-94E0-0C1FB5AB690A}.Debug|iPhone.Build.0 = Debug|Any CPU
		{A23109BB-641B-42F1-94E0-0C1FB5AB690A}.Debug|iPhoneSimulator.ActiveCfg = Debug|Any CPU
		{A23109BB-641B-42F1-94E0-0C1FB5AB690A}.Debug|iPhoneSimulator.Build.0 = Debug|Any CPU
		{A23109BB-641B-42F1-94E0-0C1FB5AB690A}.Release|Any CPU.ActiveCfg = Release|Any CPU
		{A23109BB-641B-42F1-94E0-0C1FB5AB690A}.Release|Any CPU.Build.0 = Release|Any CPU
		{A23109BB-641B-42F1-94E0-0C1FB5AB690A}.Release|iPhone.ActiveCfg = Release|Any CPU
		{A23109BB-641B-42F1-94E0-0C1FB5AB690A}.Release|iPhone.Build.0 = Release|Any CPU
		{A23109BB-641B-42F1-94E0-0C1FB5AB690A}.Release|iPhoneSimulator.ActiveCfg = Release|Any CPU
		{A23109BB-641B-42F1-94E0-0C1FB5AB690A}.Release|iPhoneSimulator.Build.0 = Release|Any CPU
	EndGlobalSection
	GlobalSection(NestedProjects) = preSolution
		{948D2B0B-A43E-4156-ACDD-577D8303336F} = {B29A798D-5387-4533-B5DD-427317E10FE4}
		{BBC84BC1-03CF-4609-BA89-4CA676DC6180} = {B29A798D-5387-4533-B5DD-427317E10FE4}
		{121F944B-BD39-48FE-BFF3-9DC045FB2F21} = {B29A798D-5387-4533-B5DD-427317E10FE4}
		{31CB89BC-8CB1-4923-A8FA-FB6061E7BF23} = {15632704-122A-4B12-8D7D-099E64BC93BC}
		{A2E8F95C-AE94-4D20-9DE2-7B01635CEA5E} = {15632704-122A-4B12-8D7D-099E64BC93BC}
		{DA6E8FC5-4A71-4894-AD21-F5063D141834} = {2CA9EFDA-D482-48A5-9B72-66A9E3F6ECAE}
		{1392421E-BF8A-4D3A-A2B1-A091E170ED57} = {2CA9EFDA-D482-48A5-9B72-66A9E3F6ECAE}
		{71AD149E-C43E-4C0C-ADA0-3F7442FFF719} = {2CA9EFDA-D482-48A5-9B72-66A9E3F6ECAE}
		{D26B51D8-24A5-4F41-975A-8CABCBF257B9} = {119EB17D-35D5-4DC6-BCFC-C7D59EB7D036}
		{23EF10DC-4BFA-4971-AB60-04064E4C4099} = {52EC53C5-E341-42A6-8818-F34859633B66}
		{45EC29C2-2AB6-40A9-B83A-262BF6979936} = {52EC53C5-E341-42A6-8818-F34859633B66}
		{A23109BB-641B-42F1-94E0-0C1FB5AB690A} = {52EC53C5-E341-42A6-8818-F34859633B66}
	EndGlobalSection
EndGlobal
