
Microsoft Visual Studio Solution File, Format Version 12.00
# Visual Studio Version 16
Project("{2150E333-8FDC-42A3-9474-1A3956D46DE8}") = "UI", "UI", "{B29A798D-5387-4533-B5DD-427317E10FE4}"
EndProject
Project("{FAE04EC0-301F-11D3-BF4B-00C04F79EFBC}") = "RemoteNotes.UI.Shell", "RemoteNotes\UI\RemoteNotes.UI.Shell\RemoteNotes.UI.Shell.csproj", "{948D2B0B-A43E-4156-ACDD-577D8303336F}"
EndProject
Project("{FAE04EC0-301F-11D3-BF4B-00C04F79EFBC}") = "RemoteNotes.UI.Control", "RemoteNotes\UI\RemoteNotes.UI.Control\RemoteNotes.UI.Control.csproj", "{BBC84BC1-03CF-4609-BA89-4CA676DC6180}"
EndProject
Project("{FAE04EC0-301F-11D3-BF4B-00C04F79EFBC}") = "RemoteNotes.UI.ViewModel", "RemoteNotes\UI\RemoteNotes.UI.ViewModel\RemoteNotes.UI.ViewModel.csproj", "{121F944B-BD39-48FE-BFF3-9DC045FB2F21}"
EndProject
Project("{2150E333-8FDC-42A3-9474-1A3956D46DE8}") = "Platform", "Platform", "{15632704-122A-4B12-8D7D-099E64BC93BC}"
EndProject
Project("{FAE04EC0-301F-11D3-BF4B-00C04F79EFBC}") = "RemoteNotes.Android", "RemoteNotes\Platform\RemoteNotes.Android\RemoteNotes.Android.csproj", "{31CB89BC-8CB1-4923-A8FA-FB6061E7BF23}"
EndProject
Project("{FAE04EC0-301F-11D3-BF4B-00C04F79EFBC}") = "RemoteNotes.iOS", "RemoteNotes\Platform\RemoteNotes.iOS\RemoteNotes.iOS.csproj", "{A2E8F95C-AE94-4D20-9DE2-7B01635CEA5E}"
EndProject
Project("{2150E333-8FDC-42A3-9474-1A3956D46DE8}") = "Service", "Service", "{2CA9EFDA-D482-48A5-9B72-66A9E3F6ECAE}"
EndProject
Project("{2150E333-8FDC-42A3-9474-1A3956D46DE8}") = "Core", "Core", "{52EC53C5-E341-42A6-8818-F34859633B66}"
EndProject
Project("{2150E333-8FDC-42A3-9474-1A3956D46DE8}") = "Tests", "Tests", "{119EB17D-35D5-4DC6-BCFC-C7D59EB7D036}"
EndProject
Project("{FAE04EC0-301F-11D3-BF4B-00C04F79EFBC}") = "RemoteNotes.UI.Dependency.Test", "RemoteNotes\Tests\RemoteNotes.UI.Dependency.Test\RemoteNotes.UI.Dependency.Test.csproj", "{D26B51D8-24A5-4F41-975A-8CABCBF257B9}"
EndProject
Project("{FAE04EC0-301F-11D3-BF4B-00C04F79EFBC}") = "RemoteNotes.Rules", "..\RemoteNotes.Core\RemoteNotes.Rules\RemoteNotes.Rules.csproj", "{23EF10DC-4BFA-4971-AB60-04064E4C4099}"
EndProject
Project("{FAE04EC0-301F-11D3-BF4B-00C04F79EFBC}") = "RemoteNotes.Rules.Contract", "..\RemoteNotes.Core\RemoteNotes.Rules.Contract\RemoteNotes.Rules.Contract.csproj", "{45EC29C2-2AB6-40A9-B83A-262BF6979936}"
EndProject
Project("{2150E333-8FDC-42A3-9474-1A3956D46DE8}") = "Domain", "Domain", "{F2981152-19BE-432B-8656-1B671ED7DFA3}"
EndProject
Project("{FAE04EC0-301F-11D3-BF4B-00C04F79EFBC}") = "RemoteNotes.Domain.Core", "RemoteNotes\Domain\RemoteNotes.Domain.Core\RemoteNotes.Domain.Core.csproj", "{5D61C407-AD0A-4DC9-AB1A-F16EDFF35586}"
EndProject
Project("{FAE04EC0-301F-11D3-BF4B-00C04F79EFBC}") = "RemoteNotes.Domain.Contract", "RemoteNotes\Domain\RemoteNotes.Domain.Contract\RemoteNotes.Domain.Contract.csproj", "{6E03D8CA-7895-49D1-B675-3CEC73FCA3EA}"
EndProject
Project("{FAE04EC0-301F-11D3-BF4B-00C04F79EFBC}") = "RemoteNotes.Domain.Services", "RemoteNotes\Domain\RemoteNotes.Domain.Services\RemoteNotes.Domain.Services.csproj", "{A5C8838B-5609-4621-AAEE-0FED842725BD}"
EndProject
Project("{FAE04EC0-301F-11D3-BF4B-00C04F79EFBC}") = "RemoteNotes.Domain", "..\RemoteNotes.Core\RemoteNotes.Domain\RemoteNotes.Domain.csproj", "{5CB077F5-BB80-4059-99C3-A78454A43254}"
EndProject
Project("{FAE04EC0-301F-11D3-BF4B-00C04F79EFBC}") = "RemoteNotes.Service.Client.Contract", "RemoteNotes\Service\RemoteNotes.Service.Client.Contract\RemoteNotes.Service.Client.Contract.csproj", "{DEEA2FDE-2620-4830-AD80-66126C6CE215}"
EndProject
Project("{FAE04EC0-301F-11D3-BF4B-00C04F79EFBC}") = "RemoteNotes.Service.Client.Stub", "RemoteNotes\Service\RemoteNotes.Service.Client.Stub\RemoteNotes.Service.Client.Stub.csproj", "{5503C731-1492-4A11-96D9-0248B52EDD7C}"
EndProject
Project("{FAE04EC0-301F-11D3-BF4B-00C04F79EFBC}") = "RemoteNotes.Service.Domain", "RemoteNotes\Service\RemoteNotes.Service.Domain\RemoteNotes.Service.Domain.csproj", "{36A3F5D8-442D-4FA8-9086-5D5A2160FC8D}"
EndProject
Project("{2150E333-8FDC-42A3-9474-1A3956D46DE8}") = "BL", "BL", "{8A3DCA2D-257F-48E5-9073-CF9C4FD84F2C}"
EndProject
Project("{FAE04EC0-301F-11D3-BF4B-00C04F79EFBC}") = "RemoteNotes.API", "RemoteNotes\BL\RemoteNotes.API\RemoteNotes.API.csproj", "{2BF253A4-09A6-42D6-B725-2972D57A03F4}"
EndProject
Project("{FAE04EC0-301F-11D3-BF4B-00C04F79EFBC}") = "RemoteNotes.API.Contract", "RemoteNotes\BL\RemoteNotes.API.Contract\RemoteNotes.API.Contract.csproj", "{07AA93B4-6A2A-4EF5-B621-7A8B96B25EBC}"
EndProject
Global
	GlobalSection(SolutionConfigurationPlatforms) = preSolution
		Ad-Hoc|iPhone = Ad-Hoc|iPhone
		AppStore|iPhone = AppStore|iPhone
		Debug|Any CPU = Debug|Any CPU
		Debug|iPhone = Debug|iPhone
		Debug|iPhoneSimulator = Debug|iPhoneSimulator
		Release|Any CPU = Release|Any CPU
		Release|iPhone = Release|iPhone
		Release|iPhoneSimulator = Release|iPhoneSimulator
	EndGlobalSection
	GlobalSection(ProjectConfigurationPlatforms) = postSolution
		{948D2B0B-A43E-4156-ACDD-577D8303336F}.Ad-Hoc|iPhone.ActiveCfg = Debug|Any CPU
		{948D2B0B-A43E-4156-ACDD-577D8303336F}.Ad-Hoc|iPhone.Build.0 = Debug|Any CPU
		{948D2B0B-A43E-4156-ACDD-577D8303336F}.AppStore|iPhone.ActiveCfg = Debug|Any CPU
		{948D2B0B-A43E-4156-ACDD-577D8303336F}.AppStore|iPhone.Build.0 = Debug|Any CPU
		{948D2B0B-A43E-4156-ACDD-577D8303336F}.Debug|Any CPU.ActiveCfg = Debug|Any CPU
		{948D2B0B-A43E-4156-ACDD-577D8303336F}.Debug|Any CPU.Build.0 = Debug|Any CPU
		{948D2B0B-A43E-4156-ACDD-577D8303336F}.Debug|iPhone.ActiveCfg = Debug|Any CPU
		{948D2B0B-A43E-4156-ACDD-577D8303336F}.Debug|iPhone.Build.0 = Debug|Any CPU
		{948D2B0B-A43E-4156-ACDD-577D8303336F}.Debug|iPhoneSimulator.ActiveCfg = Debug|Any CPU
		{948D2B0B-A43E-4156-ACDD-577D8303336F}.Debug|iPhoneSimulator.Build.0 = Debug|Any CPU
		{948D2B0B-A43E-4156-ACDD-577D8303336F}.Release|Any CPU.ActiveCfg = Release|Any CPU
		{948D2B0B-A43E-4156-ACDD-577D8303336F}.Release|Any CPU.Build.0 = Release|Any CPU
		{948D2B0B-A43E-4156-ACDD-577D8303336F}.Release|iPhone.ActiveCfg = Release|Any CPU
		{948D2B0B-A43E-4156-ACDD-577D8303336F}.Release|iPhone.Build.0 = Release|Any CPU
		{948D2B0B-A43E-4156-ACDD-577D8303336F}.Release|iPhoneSimulator.ActiveCfg = Release|Any CPU
		{948D2B0B-A43E-4156-ACDD-577D8303336F}.Release|iPhoneSimulator.Build.0 = Release|Any CPU
		{BBC84BC1-03CF-4609-BA89-4CA676DC6180}.Ad-Hoc|iPhone.ActiveCfg = Debug|Any CPU
		{BBC84BC1-03CF-4609-BA89-4CA676DC6180}.Ad-Hoc|iPhone.Build.0 = Debug|Any CPU
		{BBC84BC1-03CF-4609-BA89-4CA676DC6180}.AppStore|iPhone.ActiveCfg = Debug|Any CPU
		{BBC84BC1-03CF-4609-BA89-4CA676DC6180}.AppStore|iPhone.Build.0 = Debug|Any CPU
		{BBC84BC1-03CF-4609-BA89-4CA676DC6180}.Debug|Any CPU.ActiveCfg = Debug|Any CPU
		{BBC84BC1-03CF-4609-BA89-4CA676DC6180}.Debug|Any CPU.Build.0 = Debug|Any CPU
		{BBC84BC1-03CF-4609-BA89-4CA676DC6180}.Debug|iPhone.ActiveCfg = Debug|Any CPU
		{BBC84BC1-03CF-4609-BA89-4CA676DC6180}.Debug|iPhone.Build.0 = Debug|Any CPU
		{BBC84BC1-03CF-4609-BA89-4CA676DC6180}.Debug|iPhoneSimulator.ActiveCfg = Debug|Any CPU
		{BBC84BC1-03CF-4609-BA89-4CA676DC6180}.Debug|iPhoneSimulator.Build.0 = Debug|Any CPU
		{BBC84BC1-03CF-4609-BA89-4CA676DC6180}.Release|Any CPU.ActiveCfg = Release|Any CPU
		{BBC84BC1-03CF-4609-BA89-4CA676DC6180}.Release|Any CPU.Build.0 = Release|Any CPU
		{BBC84BC1-03CF-4609-BA89-4CA676DC6180}.Release|iPhone.ActiveCfg = Release|Any CPU
		{BBC84BC1-03CF-4609-BA89-4CA676DC6180}.Release|iPhone.Build.0 = Release|Any CPU
		{BBC84BC1-03CF-4609-BA89-4CA676DC6180}.Release|iPhoneSimulator.ActiveCfg = Release|Any CPU
		{BBC84BC1-03CF-4609-BA89-4CA676DC6180}.Release|iPhoneSimulator.Build.0 = Release|Any CPU
		{121F944B-BD39-48FE-BFF3-9DC045FB2F21}.Ad-Hoc|iPhone.ActiveCfg = Debug|Any CPU
		{121F944B-BD39-48FE-BFF3-9DC045FB2F21}.Ad-Hoc|iPhone.Build.0 = Debug|Any CPU
		{121F944B-BD39-48FE-BFF3-9DC045FB2F21}.AppStore|iPhone.ActiveCfg = Debug|Any CPU
		{121F944B-BD39-48FE-BFF3-9DC045FB2F21}.AppStore|iPhone.Build.0 = Debug|Any CPU
		{121F944B-BD39-48FE-BFF3-9DC045FB2F21}.Debug|Any CPU.ActiveCfg = Debug|Any CPU
		{121F944B-BD39-48FE-BFF3-9DC045FB2F21}.Debug|Any CPU.Build.0 = Debug|Any CPU
		{121F944B-BD39-48FE-BFF3-9DC045FB2F21}.Debug|iPhone.ActiveCfg = Debug|Any CPU
		{121F944B-BD39-48FE-BFF3-9DC045FB2F21}.Debug|iPhone.Build.0 = Debug|Any CPU
		{121F944B-BD39-48FE-BFF3-9DC045FB2F21}.Debug|iPhoneSimulator.ActiveCfg = Debug|Any CPU
		{121F944B-BD39-48FE-BFF3-9DC045FB2F21}.Debug|iPhoneSimulator.Build.0 = Debug|Any CPU
		{121F944B-BD39-48FE-BFF3-9DC045FB2F21}.Release|Any CPU.ActiveCfg = Release|Any CPU
		{121F944B-BD39-48FE-BFF3-9DC045FB2F21}.Release|Any CPU.Build.0 = Release|Any CPU
		{121F944B-BD39-48FE-BFF3-9DC045FB2F21}.Release|iPhone.ActiveCfg = Release|Any CPU
		{121F944B-BD39-48FE-BFF3-9DC045FB2F21}.Release|iPhone.Build.0 = Release|Any CPU
		{121F944B-BD39-48FE-BFF3-9DC045FB2F21}.Release|iPhoneSimulator.ActiveCfg = Release|Any CPU
		{121F944B-BD39-48FE-BFF3-9DC045FB2F21}.Release|iPhoneSimulator.Build.0 = Release|Any CPU
		{31CB89BC-8CB1-4923-A8FA-FB6061E7BF23}.Ad-Hoc|iPhone.ActiveCfg = Debug|Any CPU
		{31CB89BC-8CB1-4923-A8FA-FB6061E7BF23}.Ad-Hoc|iPhone.Build.0 = Debug|Any CPU
		{31CB89BC-8CB1-4923-A8FA-FB6061E7BF23}.AppStore|iPhone.ActiveCfg = Debug|Any CPU
		{31CB89BC-8CB1-4923-A8FA-FB6061E7BF23}.AppStore|iPhone.Build.0 = Debug|Any CPU
		{31CB89BC-8CB1-4923-A8FA-FB6061E7BF23}.Debug|Any CPU.ActiveCfg = Debug|Any CPU
		{31CB89BC-8CB1-4923-A8FA-FB6061E7BF23}.Debug|Any CPU.Build.0 = Debug|Any CPU
		{31CB89BC-8CB1-4923-A8FA-FB6061E7BF23}.Debug|iPhone.ActiveCfg = Debug|Any CPU
		{31CB89BC-8CB1-4923-A8FA-FB6061E7BF23}.Debug|iPhone.Build.0 = Debug|Any CPU
		{31CB89BC-8CB1-4923-A8FA-FB6061E7BF23}.Debug|iPhoneSimulator.ActiveCfg = Debug|Any CPU
		{31CB89BC-8CB1-4923-A8FA-FB6061E7BF23}.Debug|iPhoneSimulator.Build.0 = Debug|Any CPU
		{31CB89BC-8CB1-4923-A8FA-FB6061E7BF23}.Release|Any CPU.ActiveCfg = Release|Any CPU
		{31CB89BC-8CB1-4923-A8FA-FB6061E7BF23}.Release|Any CPU.Build.0 = Release|Any CPU
		{31CB89BC-8CB1-4923-A8FA-FB6061E7BF23}.Release|iPhone.ActiveCfg = Release|Any CPU
		{31CB89BC-8CB1-4923-A8FA-FB6061E7BF23}.Release|iPhone.Build.0 = Release|Any CPU
		{31CB89BC-8CB1-4923-A8FA-FB6061E7BF23}.Release|iPhoneSimulator.ActiveCfg = Release|Any CPU
		{31CB89BC-8CB1-4923-A8FA-FB6061E7BF23}.Release|iPhoneSimulator.Build.0 = Release|Any CPU
		{A2E8F95C-AE94-4D20-9DE2-7B01635CEA5E}.Ad-Hoc|iPhone.ActiveCfg = Ad-Hoc|iPhone
		{A2E8F95C-AE94-4D20-9DE2-7B01635CEA5E}.Ad-Hoc|iPhone.Build.0 = Ad-Hoc|iPhone
		{A2E8F95C-AE94-4D20-9DE2-7B01635CEA5E}.AppStore|iPhone.ActiveCfg = AppStore|iPhone
		{A2E8F95C-AE94-4D20-9DE2-7B01635CEA5E}.AppStore|iPhone.Build.0 = AppStore|iPhone
		{A2E8F95C-AE94-4D20-9DE2-7B01635CEA5E}.Debug|Any CPU.ActiveCfg = Debug|iPhoneSimulator
		{A2E8F95C-AE94-4D20-9DE2-7B01635CEA5E}.Debug|Any CPU.Build.0 = Debug|iPhoneSimulator
		{A2E8F95C-AE94-4D20-9DE2-7B01635CEA5E}.Debug|iPhone.ActiveCfg = Debug|iPhone
		{A2E8F95C-AE94-4D20-9DE2-7B01635CEA5E}.Debug|iPhone.Build.0 = Debug|iPhone
		{A2E8F95C-AE94-4D20-9DE2-7B01635CEA5E}.Debug|iPhoneSimulator.ActiveCfg = Debug|iPhoneSimulator
		{A2E8F95C-AE94-4D20-9DE2-7B01635CEA5E}.Debug|iPhoneSimulator.Build.0 = Debug|iPhoneSimulator
		{A2E8F95C-AE94-4D20-9DE2-7B01635CEA5E}.Release|Any CPU.ActiveCfg = Release|iPhoneSimulator
		{A2E8F95C-AE94-4D20-9DE2-7B01635CEA5E}.Release|Any CPU.Build.0 = Release|iPhoneSimulator
		{A2E8F95C-AE94-4D20-9DE2-7B01635CEA5E}.Release|iPhone.ActiveCfg = Release|iPhone
		{A2E8F95C-AE94-4D20-9DE2-7B01635CEA5E}.Release|iPhone.Build.0 = Release|iPhone
		{A2E8F95C-AE94-4D20-9DE2-7B01635CEA5E}.Release|iPhoneSimulator.ActiveCfg = Release|iPhoneSimulator
		{A2E8F95C-AE94-4D20-9DE2-7B01635CEA5E}.Release|iPhoneSimulator.Build.0 = Release|iPhoneSimulator
		{D26B51D8-24A5-4F41-975A-8CABCBF257B9}.Ad-Hoc|iPhone.ActiveCfg = Debug|Any CPU
		{D26B51D8-24A5-4F41-975A-8CABCBF257B9}.Ad-Hoc|iPhone.Build.0 = Debug|Any CPU
		{D26B51D8-24A5-4F41-975A-8CABCBF257B9}.AppStore|iPhone.ActiveCfg = Debug|Any CPU
		{D26B51D8-24A5-4F41-975A-8CABCBF257B9}.AppStore|iPhone.Build.0 = Debug|Any CPU
		{D26B51D8-24A5-4F41-975A-8CABCBF257B9}.Debug|Any CPU.ActiveCfg = Debug|Any CPU
		{D26B51D8-24A5-4F41-975A-8CABCBF257B9}.Debug|Any CPU.Build.0 = Debug|Any CPU
		{D26B51D8-24A5-4F41-975A-8CABCBF257B9}.Debug|iPhone.ActiveCfg = Debug|Any CPU
		{D26B51D8-24A5-4F41-975A-8CABCBF257B9}.Debug|iPhone.Build.0 = Debug|Any CPU
		{D26B51D8-24A5-4F41-975A-8CABCBF257B9}.Debug|iPhoneSimulator.ActiveCfg = Debug|Any CPU
		{D26B51D8-24A5-4F41-975A-8CABCBF257B9}.Debug|iPhoneSimulator.Build.0 = Debug|Any CPU
		{D26B51D8-24A5-4F41-975A-8CABCBF257B9}.Release|Any CPU.ActiveCfg = Release|Any CPU
		{D26B51D8-24A5-4F41-975A-8CABCBF257B9}.Release|Any CPU.Build.0 = Release|Any CPU
		{D26B51D8-24A5-4F41-975A-8CABCBF257B9}.Release|iPhone.ActiveCfg = Release|Any CPU
		{D26B51D8-24A5-4F41-975A-8CABCBF257B9}.Release|iPhone.Build.0 = Release|Any CPU
		{D26B51D8-24A5-4F41-975A-8CABCBF257B9}.Release|iPhoneSimulator.ActiveCfg = Release|Any CPU
		{D26B51D8-24A5-4F41-975A-8CABCBF257B9}.Release|iPhoneSimulator.Build.0 = Release|Any CPU
		{23EF10DC-4BFA-4971-AB60-04064E4C4099}.Ad-Hoc|iPhone.ActiveCfg = Debug|Any CPU
		{23EF10DC-4BFA-4971-AB60-04064E4C4099}.Ad-Hoc|iPhone.Build.0 = Debug|Any CPU
		{23EF10DC-4BFA-4971-AB60-04064E4C4099}.AppStore|iPhone.ActiveCfg = Debug|Any CPU
		{23EF10DC-4BFA-4971-AB60-04064E4C4099}.AppStore|iPhone.Build.0 = Debug|Any CPU
		{23EF10DC-4BFA-4971-AB60-04064E4C4099}.Debug|Any CPU.ActiveCfg = Debug|Any CPU
		{23EF10DC-4BFA-4971-AB60-04064E4C4099}.Debug|Any CPU.Build.0 = Debug|Any CPU
		{23EF10DC-4BFA-4971-AB60-04064E4C4099}.Debug|iPhone.ActiveCfg = Debug|Any CPU
		{23EF10DC-4BFA-4971-AB60-04064E4C4099}.Debug|iPhone.Build.0 = Debug|Any CPU
		{23EF10DC-4BFA-4971-AB60-04064E4C4099}.Debug|iPhoneSimulator.ActiveCfg = Debug|Any CPU
		{23EF10DC-4BFA-4971-AB60-04064E4C4099}.Debug|iPhoneSimulator.Build.0 = Debug|Any CPU
		{23EF10DC-4BFA-4971-AB60-04064E4C4099}.Release|Any CPU.ActiveCfg = Release|Any CPU
		{23EF10DC-4BFA-4971-AB60-04064E4C4099}.Release|Any CPU.Build.0 = Release|Any CPU
		{23EF10DC-4BFA-4971-AB60-04064E4C4099}.Release|iPhone.ActiveCfg = Release|Any CPU
		{23EF10DC-4BFA-4971-AB60-04064E4C4099}.Release|iPhone.Build.0 = Release|Any CPU
		{23EF10DC-4BFA-4971-AB60-04064E4C4099}.Release|iPhoneSimulator.ActiveCfg = Release|Any CPU
		{23EF10DC-4BFA-4971-AB60-04064E4C4099}.Release|iPhoneSimulator.Build.0 = Release|Any CPU
		{45EC29C2-2AB6-40A9-B83A-262BF6979936}.Ad-Hoc|iPhone.ActiveCfg = Debug|Any CPU
		{45EC29C2-2AB6-40A9-B83A-262BF6979936}.Ad-Hoc|iPhone.Build.0 = Debug|Any CPU
		{45EC29C2-2AB6-40A9-B83A-262BF6979936}.AppStore|iPhone.ActiveCfg = Debug|Any CPU
		{45EC29C2-2AB6-40A9-B83A-262BF6979936}.AppStore|iPhone.Build.0 = Debug|Any CPU
		{45EC29C2-2AB6-40A9-B83A-262BF6979936}.Debug|Any CPU.ActiveCfg = Debug|Any CPU
		{45EC29C2-2AB6-40A9-B83A-262BF6979936}.Debug|Any CPU.Build.0 = Debug|Any CPU
		{45EC29C2-2AB6-40A9-B83A-262BF6979936}.Debug|iPhone.ActiveCfg = Debug|Any CPU
		{45EC29C2-2AB6-40A9-B83A-262BF6979936}.Debug|iPhone.Build.0 = Debug|Any CPU
		{45EC29C2-2AB6-40A9-B83A-262BF6979936}.Debug|iPhoneSimulator.ActiveCfg = Debug|Any CPU
		{45EC29C2-2AB6-40A9-B83A-262BF6979936}.Debug|iPhoneSimulator.Build.0 = Debug|Any CPU
		{45EC29C2-2AB6-40A9-B83A-262BF6979936}.Release|Any CPU.ActiveCfg = Release|Any CPU
		{45EC29C2-2AB6-40A9-B83A-262BF6979936}.Release|Any CPU.Build.0 = Release|Any CPU
		{45EC29C2-2AB6-40A9-B83A-262BF6979936}.Release|iPhone.ActiveCfg = Release|Any CPU
		{45EC29C2-2AB6-40A9-B83A-262BF6979936}.Release|iPhone.Build.0 = Release|Any CPU
		{45EC29C2-2AB6-40A9-B83A-262BF6979936}.Release|iPhoneSimulator.ActiveCfg = Release|Any CPU
		{45EC29C2-2AB6-40A9-B83A-262BF6979936}.Release|iPhoneSimulator.Build.0 = Release|Any CPU
		{5D61C407-AD0A-4DC9-AB1A-F16EDFF35586}.Ad-Hoc|iPhone.ActiveCfg = Debug|Any CPU
		{5D61C407-AD0A-4DC9-AB1A-F16EDFF35586}.Ad-Hoc|iPhone.Build.0 = Debug|Any CPU
		{5D61C407-AD0A-4DC9-AB1A-F16EDFF35586}.AppStore|iPhone.ActiveCfg = Debug|Any CPU
		{5D61C407-AD0A-4DC9-AB1A-F16EDFF35586}.AppStore|iPhone.Build.0 = Debug|Any CPU
		{5D61C407-AD0A-4DC9-AB1A-F16EDFF35586}.Debug|Any CPU.ActiveCfg = Debug|Any CPU
		{5D61C407-AD0A-4DC9-AB1A-F16EDFF35586}.Debug|Any CPU.Build.0 = Debug|Any CPU
		{5D61C407-AD0A-4DC9-AB1A-F16EDFF35586}.Debug|iPhone.ActiveCfg = Debug|Any CPU
		{5D61C407-AD0A-4DC9-AB1A-F16EDFF35586}.Debug|iPhone.Build.0 = Debug|Any CPU
		{5D61C407-AD0A-4DC9-AB1A-F16EDFF35586}.Debug|iPhoneSimulator.ActiveCfg = Debug|Any CPU
		{5D61C407-AD0A-4DC9-AB1A-F16EDFF35586}.Debug|iPhoneSimulator.Build.0 = Debug|Any CPU
		{5D61C407-AD0A-4DC9-AB1A-F16EDFF35586}.Release|Any CPU.ActiveCfg = Release|Any CPU
		{5D61C407-AD0A-4DC9-AB1A-F16EDFF35586}.Release|Any CPU.Build.0 = Release|Any CPU
		{5D61C407-AD0A-4DC9-AB1A-F16EDFF35586}.Release|iPhone.ActiveCfg = Release|Any CPU
		{5D61C407-AD0A-4DC9-AB1A-F16EDFF35586}.Release|iPhone.Build.0 = Release|Any CPU
		{5D61C407-AD0A-4DC9-AB1A-F16EDFF35586}.Release|iPhoneSimulator.ActiveCfg = Release|Any CPU
		{5D61C407-AD0A-4DC9-AB1A-F16EDFF35586}.Release|iPhoneSimulator.Build.0 = Release|Any CPU
		{6E03D8CA-7895-49D1-B675-3CEC73FCA3EA}.Ad-Hoc|iPhone.ActiveCfg = Debug|Any CPU
		{6E03D8CA-7895-49D1-B675-3CEC73FCA3EA}.Ad-Hoc|iPhone.Build.0 = Debug|Any CPU
		{6E03D8CA-7895-49D1-B675-3CEC73FCA3EA}.AppStore|iPhone.ActiveCfg = Debug|Any CPU
		{6E03D8CA-7895-49D1-B675-3CEC73FCA3EA}.AppStore|iPhone.Build.0 = Debug|Any CPU
		{6E03D8CA-7895-49D1-B675-3CEC73FCA3EA}.Debug|Any CPU.ActiveCfg = Debug|Any CPU
		{6E03D8CA-7895-49D1-B675-3CEC73FCA3EA}.Debug|Any CPU.Build.0 = Debug|Any CPU
		{6E03D8CA-7895-49D1-B675-3CEC73FCA3EA}.Debug|iPhone.ActiveCfg = Debug|Any CPU
		{6E03D8CA-7895-49D1-B675-3CEC73FCA3EA}.Debug|iPhone.Build.0 = Debug|Any CPU
		{6E03D8CA-7895-49D1-B675-3CEC73FCA3EA}.Debug|iPhoneSimulator.ActiveCfg = Debug|Any CPU
		{6E03D8CA-7895-49D1-B675-3CEC73FCA3EA}.Debug|iPhoneSimulator.Build.0 = Debug|Any CPU
		{6E03D8CA-7895-49D1-B675-3CEC73FCA3EA}.Release|Any CPU.ActiveCfg = Release|Any CPU
		{6E03D8CA-7895-49D1-B675-3CEC73FCA3EA}.Release|Any CPU.Build.0 = Release|Any CPU
		{6E03D8CA-7895-49D1-B675-3CEC73FCA3EA}.Release|iPhone.ActiveCfg = Release|Any CPU
		{6E03D8CA-7895-49D1-B675-3CEC73FCA3EA}.Release|iPhone.Build.0 = Release|Any CPU
		{6E03D8CA-7895-49D1-B675-3CEC73FCA3EA}.Release|iPhoneSimulator.ActiveCfg = Release|Any CPU
		{6E03D8CA-7895-49D1-B675-3CEC73FCA3EA}.Release|iPhoneSimulator.Build.0 = Release|Any CPU
		{A5C8838B-5609-4621-AAEE-0FED842725BD}.Ad-Hoc|iPhone.ActiveCfg = Debug|Any CPU
		{A5C8838B-5609-4621-AAEE-0FED842725BD}.Ad-Hoc|iPhone.Build.0 = Debug|Any CPU
		{A5C8838B-5609-4621-AAEE-0FED842725BD}.AppStore|iPhone.ActiveCfg = Debug|Any CPU
		{A5C8838B-5609-4621-AAEE-0FED842725BD}.AppStore|iPhone.Build.0 = Debug|Any CPU
		{A5C8838B-5609-4621-AAEE-0FED842725BD}.Debug|Any CPU.ActiveCfg = Debug|Any CPU
		{A5C8838B-5609-4621-AAEE-0FED842725BD}.Debug|Any CPU.Build.0 = Debug|Any CPU
		{A5C8838B-5609-4621-AAEE-0FED842725BD}.Debug|iPhone.ActiveCfg = Debug|Any CPU
		{A5C8838B-5609-4621-AAEE-0FED842725BD}.Debug|iPhone.Build.0 = Debug|Any CPU
		{A5C8838B-5609-4621-AAEE-0FED842725BD}.Debug|iPhoneSimulator.ActiveCfg = Debug|Any CPU
		{A5C8838B-5609-4621-AAEE-0FED842725BD}.Debug|iPhoneSimulator.Build.0 = Debug|Any CPU
		{A5C8838B-5609-4621-AAEE-0FED842725BD}.Release|Any CPU.ActiveCfg = Release|Any CPU
		{A5C8838B-5609-4621-AAEE-0FED842725BD}.Release|Any CPU.Build.0 = Release|Any CPU
		{A5C8838B-5609-4621-AAEE-0FED842725BD}.Release|iPhone.ActiveCfg = Release|Any CPU
		{A5C8838B-5609-4621-AAEE-0FED842725BD}.Release|iPhone.Build.0 = Release|Any CPU
		{A5C8838B-5609-4621-AAEE-0FED842725BD}.Release|iPhoneSimulator.ActiveCfg = Release|Any CPU
		{A5C8838B-5609-4621-AAEE-0FED842725BD}.Release|iPhoneSimulator.Build.0 = Release|Any CPU
		{5CB077F5-BB80-4059-99C3-A78454A43254}.Ad-Hoc|iPhone.ActiveCfg = Debug|Any CPU
		{5CB077F5-BB80-4059-99C3-A78454A43254}.Ad-Hoc|iPhone.Build.0 = Debug|Any CPU
		{5CB077F5-BB80-4059-99C3-A78454A43254}.AppStore|iPhone.ActiveCfg = Debug|Any CPU
		{5CB077F5-BB80-4059-99C3-A78454A43254}.AppStore|iPhone.Build.0 = Debug|Any CPU
		{5CB077F5-BB80-4059-99C3-A78454A43254}.Debug|Any CPU.ActiveCfg = Debug|Any CPU
		{5CB077F5-BB80-4059-99C3-A78454A43254}.Debug|Any CPU.Build.0 = Debug|Any CPU
		{5CB077F5-BB80-4059-99C3-A78454A43254}.Debug|iPhone.ActiveCfg = Debug|Any CPU
		{5CB077F5-BB80-4059-99C3-A78454A43254}.Debug|iPhone.Build.0 = Debug|Any CPU
		{5CB077F5-BB80-4059-99C3-A78454A43254}.Debug|iPhoneSimulator.ActiveCfg = Debug|Any CPU
		{5CB077F5-BB80-4059-99C3-A78454A43254}.Debug|iPhoneSimulator.Build.0 = Debug|Any CPU
		{5CB077F5-BB80-4059-99C3-A78454A43254}.Release|Any CPU.ActiveCfg = Release|Any CPU
		{5CB077F5-BB80-4059-99C3-A78454A43254}.Release|Any CPU.Build.0 = Release|Any CPU
		{5CB077F5-BB80-4059-99C3-A78454A43254}.Release|iPhone.ActiveCfg = Release|Any CPU
		{5CB077F5-BB80-4059-99C3-A78454A43254}.Release|iPhone.Build.0 = Release|Any CPU
		{5CB077F5-BB80-4059-99C3-A78454A43254}.Release|iPhoneSimulator.ActiveCfg = Release|Any CPU
		{5CB077F5-BB80-4059-99C3-A78454A43254}.Release|iPhoneSimulator.Build.0 = Release|Any CPU
		{DEEA2FDE-2620-4830-AD80-66126C6CE215}.Ad-Hoc|iPhone.ActiveCfg = Debug|Any CPU
		{DEEA2FDE-2620-4830-AD80-66126C6CE215}.Ad-Hoc|iPhone.Build.0 = Debug|Any CPU
		{DEEA2FDE-2620-4830-AD80-66126C6CE215}.AppStore|iPhone.ActiveCfg = Debug|Any CPU
		{DEEA2FDE-2620-4830-AD80-66126C6CE215}.AppStore|iPhone.Build.0 = Debug|Any CPU
		{DEEA2FDE-2620-4830-AD80-66126C6CE215}.Debug|Any CPU.ActiveCfg = Debug|Any CPU
		{DEEA2FDE-2620-4830-AD80-66126C6CE215}.Debug|Any CPU.Build.0 = Debug|Any CPU
		{DEEA2FDE-2620-4830-AD80-66126C6CE215}.Debug|iPhone.ActiveCfg = Debug|Any CPU
		{DEEA2FDE-2620-4830-AD80-66126C6CE215}.Debug|iPhone.Build.0 = Debug|Any CPU
		{DEEA2FDE-2620-4830-AD80-66126C6CE215}.Debug|iPhoneSimulator.ActiveCfg = Debug|Any CPU
		{DEEA2FDE-2620-4830-AD80-66126C6CE215}.Debug|iPhoneSimulator.Build.0 = Debug|Any CPU
		{DEEA2FDE-2620-4830-AD80-66126C6CE215}.Release|Any CPU.ActiveCfg = Release|Any CPU
		{DEEA2FDE-2620-4830-AD80-66126C6CE215}.Release|Any CPU.Build.0 = Release|Any CPU
		{DEEA2FDE-2620-4830-AD80-66126C6CE215}.Release|iPhone.ActiveCfg = Release|Any CPU
		{DEEA2FDE-2620-4830-AD80-66126C6CE215}.Release|iPhone.Build.0 = Release|Any CPU
		{DEEA2FDE-2620-4830-AD80-66126C6CE215}.Release|iPhoneSimulator.ActiveCfg = Release|Any CPU
		{DEEA2FDE-2620-4830-AD80-66126C6CE215}.Release|iPhoneSimulator.Build.0 = Release|Any CPU
		{5503C731-1492-4A11-96D9-0248B52EDD7C}.Ad-Hoc|iPhone.ActiveCfg = Debug|Any CPU
		{5503C731-1492-4A11-96D9-0248B52EDD7C}.Ad-Hoc|iPhone.Build.0 = Debug|Any CPU
		{5503C731-1492-4A11-96D9-0248B52EDD7C}.AppStore|iPhone.ActiveCfg = Debug|Any CPU
		{5503C731-1492-4A11-96D9-0248B52EDD7C}.AppStore|iPhone.Build.0 = Debug|Any CPU
		{5503C731-1492-4A11-96D9-0248B52EDD7C}.Debug|Any CPU.ActiveCfg = Debug|Any CPU
		{5503C731-1492-4A11-96D9-0248B52EDD7C}.Debug|Any CPU.Build.0 = Debug|Any CPU
		{5503C731-1492-4A11-96D9-0248B52EDD7C}.Debug|iPhone.ActiveCfg = Debug|Any CPU
		{5503C731-1492-4A11-96D9-0248B52EDD7C}.Debug|iPhone.Build.0 = Debug|Any CPU
		{5503C731-1492-4A11-96D9-0248B52EDD7C}.Debug|iPhoneSimulator.ActiveCfg = Debug|Any CPU
		{5503C731-1492-4A11-96D9-0248B52EDD7C}.Debug|iPhoneSimulator.Build.0 = Debug|Any CPU
		{5503C731-1492-4A11-96D9-0248B52EDD7C}.Release|Any CPU.ActiveCfg = Release|Any CPU
		{5503C731-1492-4A11-96D9-0248B52EDD7C}.Release|Any CPU.Build.0 = Release|Any CPU
		{5503C731-1492-4A11-96D9-0248B52EDD7C}.Release|iPhone.ActiveCfg = Release|Any CPU
		{5503C731-1492-4A11-96D9-0248B52EDD7C}.Release|iPhone.Build.0 = Release|Any CPU
		{5503C731-1492-4A11-96D9-0248B52EDD7C}.Release|iPhoneSimulator.ActiveCfg = Release|Any CPU
		{5503C731-1492-4A11-96D9-0248B52EDD7C}.Release|iPhoneSimulator.Build.0 = Release|Any CPU
		{36A3F5D8-442D-4FA8-9086-5D5A2160FC8D}.Ad-Hoc|iPhone.ActiveCfg = Debug|Any CPU
		{36A3F5D8-442D-4FA8-9086-5D5A2160FC8D}.Ad-Hoc|iPhone.Build.0 = Debug|Any CPU
		{36A3F5D8-442D-4FA8-9086-5D5A2160FC8D}.AppStore|iPhone.ActiveCfg = Debug|Any CPU
		{36A3F5D8-442D-4FA8-9086-5D5A2160FC8D}.AppStore|iPhone.Build.0 = Debug|Any CPU
		{36A3F5D8-442D-4FA8-9086-5D5A2160FC8D}.Debug|Any CPU.ActiveCfg = Debug|Any CPU
		{36A3F5D8-442D-4FA8-9086-5D5A2160FC8D}.Debug|Any CPU.Build.0 = Debug|Any CPU
		{36A3F5D8-442D-4FA8-9086-5D5A2160FC8D}.Debug|iPhone.ActiveCfg = Debug|Any CPU
		{36A3F5D8-442D-4FA8-9086-5D5A2160FC8D}.Debug|iPhone.Build.0 = Debug|Any CPU
		{36A3F5D8-442D-4FA8-9086-5D5A2160FC8D}.Debug|iPhoneSimulator.ActiveCfg = Debug|Any CPU
		{36A3F5D8-442D-4FA8-9086-5D5A2160FC8D}.Debug|iPhoneSimulator.Build.0 = Debug|Any CPU
		{36A3F5D8-442D-4FA8-9086-5D5A2160FC8D}.Release|Any CPU.ActiveCfg = Release|Any CPU
		{36A3F5D8-442D-4FA8-9086-5D5A2160FC8D}.Release|Any CPU.Build.0 = Release|Any CPU
		{36A3F5D8-442D-4FA8-9086-5D5A2160FC8D}.Release|iPhone.ActiveCfg = Release|Any CPU
		{36A3F5D8-442D-4FA8-9086-5D5A2160FC8D}.Release|iPhone.Build.0 = Release|Any CPU
		{36A3F5D8-442D-4FA8-9086-5D5A2160FC8D}.Release|iPhoneSimulator.ActiveCfg = Release|Any CPU
		{36A3F5D8-442D-4FA8-9086-5D5A2160FC8D}.Release|iPhoneSimulator.Build.0 = Release|Any CPU
		{2BF253A4-09A6-42D6-B725-2972D57A03F4}.Ad-Hoc|iPhone.ActiveCfg = Debug|Any CPU
		{2BF253A4-09A6-42D6-B725-2972D57A03F4}.Ad-Hoc|iPhone.Build.0 = Debug|Any CPU
		{2BF253A4-09A6-42D6-B725-2972D57A03F4}.AppStore|iPhone.ActiveCfg = Debug|Any CPU
		{2BF253A4-09A6-42D6-B725-2972D57A03F4}.AppStore|iPhone.Build.0 = Debug|Any CPU
		{2BF253A4-09A6-42D6-B725-2972D57A03F4}.Debug|Any CPU.ActiveCfg = Debug|Any CPU
		{2BF253A4-09A6-42D6-B725-2972D57A03F4}.Debug|Any CPU.Build.0 = Debug|Any CPU
		{2BF253A4-09A6-42D6-B725-2972D57A03F4}.Debug|iPhone.ActiveCfg = Debug|Any CPU
		{2BF253A4-09A6-42D6-B725-2972D57A03F4}.Debug|iPhone.Build.0 = Debug|Any CPU
		{2BF253A4-09A6-42D6-B725-2972D57A03F4}.Debug|iPhoneSimulator.ActiveCfg = Debug|Any CPU
		{2BF253A4-09A6-42D6-B725-2972D57A03F4}.Debug|iPhoneSimulator.Build.0 = Debug|Any CPU
		{2BF253A4-09A6-42D6-B725-2972D57A03F4}.Release|Any CPU.ActiveCfg = Release|Any CPU
		{2BF253A4-09A6-42D6-B725-2972D57A03F4}.Release|Any CPU.Build.0 = Release|Any CPU
		{2BF253A4-09A6-42D6-B725-2972D57A03F4}.Release|iPhone.ActiveCfg = Release|Any CPU
		{2BF253A4-09A6-42D6-B725-2972D57A03F4}.Release|iPhone.Build.0 = Release|Any CPU
		{2BF253A4-09A6-42D6-B725-2972D57A03F4}.Release|iPhoneSimulator.ActiveCfg = Release|Any CPU
		{2BF253A4-09A6-42D6-B725-2972D57A03F4}.Release|iPhoneSimulator.Build.0 = Release|Any CPU
		{07AA93B4-6A2A-4EF5-B621-7A8B96B25EBC}.Ad-Hoc|iPhone.ActiveCfg = Debug|Any CPU
		{07AA93B4-6A2A-4EF5-B621-7A8B96B25EBC}.Ad-Hoc|iPhone.Build.0 = Debug|Any CPU
		{07AA93B4-6A2A-4EF5-B621-7A8B96B25EBC}.AppStore|iPhone.ActiveCfg = Debug|Any CPU
		{07AA93B4-6A2A-4EF5-B621-7A8B96B25EBC}.AppStore|iPhone.Build.0 = Debug|Any CPU
		{07AA93B4-6A2A-4EF5-B621-7A8B96B25EBC}.Debug|Any CPU.ActiveCfg = Debug|Any CPU
		{07AA93B4-6A2A-4EF5-B621-7A8B96B25EBC}.Debug|Any CPU.Build.0 = Debug|Any CPU
		{07AA93B4-6A2A-4EF5-B621-7A8B96B25EBC}.Debug|iPhone.ActiveCfg = Debug|Any CPU
		{07AA93B4-6A2A-4EF5-B621-7A8B96B25EBC}.Debug|iPhone.Build.0 = Debug|Any CPU
		{07AA93B4-6A2A-4EF5-B621-7A8B96B25EBC}.Debug|iPhoneSimulator.ActiveCfg = Debug|Any CPU
		{07AA93B4-6A2A-4EF5-B621-7A8B96B25EBC}.Debug|iPhoneSimulator.Build.0 = Debug|Any CPU
		{07AA93B4-6A2A-4EF5-B621-7A8B96B25EBC}.Release|Any CPU.ActiveCfg = Release|Any CPU
		{07AA93B4-6A2A-4EF5-B621-7A8B96B25EBC}.Release|Any CPU.Build.0 = Release|Any CPU
		{07AA93B4-6A2A-4EF5-B621-7A8B96B25EBC}.Release|iPhone.ActiveCfg = Release|Any CPU
		{07AA93B4-6A2A-4EF5-B621-7A8B96B25EBC}.Release|iPhone.Build.0 = Release|Any CPU
		{07AA93B4-6A2A-4EF5-B621-7A8B96B25EBC}.Release|iPhoneSimulator.ActiveCfg = Release|Any CPU
		{07AA93B4-6A2A-4EF5-B621-7A8B96B25EBC}.Release|iPhoneSimulator.Build.0 = Release|Any CPU
	EndGlobalSection
	GlobalSection(NestedProjects) = preSolution
		{948D2B0B-A43E-4156-ACDD-577D8303336F} = {B29A798D-5387-4533-B5DD-427317E10FE4}
		{BBC84BC1-03CF-4609-BA89-4CA676DC6180} = {B29A798D-5387-4533-B5DD-427317E10FE4}
		{121F944B-BD39-48FE-BFF3-9DC045FB2F21} = {B29A798D-5387-4533-B5DD-427317E10FE4}
		{31CB89BC-8CB1-4923-A8FA-FB6061E7BF23} = {15632704-122A-4B12-8D7D-099E64BC93BC}
		{A2E8F95C-AE94-4D20-9DE2-7B01635CEA5E} = {15632704-122A-4B12-8D7D-099E64BC93BC}
		{D26B51D8-24A5-4F41-975A-8CABCBF257B9} = {119EB17D-35D5-4DC6-BCFC-C7D59EB7D036}
		{23EF10DC-4BFA-4971-AB60-04064E4C4099} = {52EC53C5-E341-42A6-8818-F34859633B66}
		{45EC29C2-2AB6-40A9-B83A-262BF6979936} = {52EC53C5-E341-42A6-8818-F34859633B66}
		{5D61C407-AD0A-4DC9-AB1A-F16EDFF35586} = {F2981152-19BE-432B-8656-1B671ED7DFA3}
		{6E03D8CA-7895-49D1-B675-3CEC73FCA3EA} = {F2981152-19BE-432B-8656-1B671ED7DFA3}
		{A5C8838B-5609-4621-AAEE-0FED842725BD} = {F2981152-19BE-432B-8656-1B671ED7DFA3}
		{5CB077F5-BB80-4059-99C3-A78454A43254} = {52EC53C5-E341-42A6-8818-F34859633B66}
		{DEEA2FDE-2620-4830-AD80-66126C6CE215} = {2CA9EFDA-D482-48A5-9B72-66A9E3F6ECAE}
		{5503C731-1492-4A11-96D9-0248B52EDD7C} = {2CA9EFDA-D482-48A5-9B72-66A9E3F6ECAE}
		{36A3F5D8-442D-4FA8-9086-5D5A2160FC8D} = {2CA9EFDA-D482-48A5-9B72-66A9E3F6ECAE}
		{2BF253A4-09A6-42D6-B725-2972D57A03F4} = {8A3DCA2D-257F-48E5-9073-CF9C4FD84F2C}
		{07AA93B4-6A2A-4EF5-B621-7A8B96B25EBC} = {8A3DCA2D-257F-48E5-9073-CF9C4FD84F2C}
	EndGlobalSection
EndGlobal
