
Microsoft Visual Studio Solution File, Format Version 12.00
Project("{2150E333-8FDC-42A3-9474-1A3956D46DE8}") = "UI", "UI", "{B29A798D-5387-4533-B5DD-427317E10FE4}"
EndProject
Project("{FAE04EC0-301F-11D3-BF4B-00C04F79EFBC}") = "RemoteNotes.UI.Shell", "RemoteNotes\UI\RemoteNotes.UI.Shell\RemoteNotes.UI.Shell.csproj", "{948D2B0B-A43E-4156-ACDD-577D8303336F}"
EndProject
Project("{FAE04EC0-301F-11D3-BF4B-00C04F79EFBC}") = "RemoteNotes.UI.Control", "RemoteNotes\UI\RemoteNotes.UI.Control\RemoteNotes.UI.Control.csproj", "{BBC84BC1-03CF-4609-BA89-4CA676DC6180}"
EndProject
Project("{FAE04EC0-301F-11D3-BF4B-00C04F79EFBC}") = "RemoteNotes.UI.ViewModel", "RemoteNotes\UI\RemoteNotes.UI.ViewModel\RemoteNotes.UI.ViewModel.csproj", "{121F944B-BD39-48FE-BFF3-9DC045FB2F21}"
EndProject
Project("{2150E333-8FDC-42A3-9474-1A3956D46DE8}") = "Platform", "Platform", "{15632704-122A-4B12-8D7D-099E64BC93BC}"
EndProject
Project("{FAE04EC0-301F-11D3-BF4B-00C04F79EFBC}") = "RemoteNotes.Android", "RemoteNotes\Platform\RemoteNotes.Android\RemoteNotes.Android.csproj", "{31CB89BC-8CB1-4923-A8FA-FB6061E7BF23}"
EndProject
Project("{FAE04EC0-301F-11D3-BF4B-00C04F79EFBC}") = "RemoteNotes.iOS", "RemoteNotes\Platform\RemoteNotes.iOS\RemoteNotes.iOS.csproj", "{A2E8F95C-AE94-4D20-9DE2-7B01635CEA5E}"
EndProject
Global
	GlobalSection(SolutionConfigurationPlatforms) = preSolution
		Ad-Hoc|iPhone = Ad-Hoc|iPhone
		AppStore|iPhone = AppStore|iPhone
		Debug|Any CPU = Debug|Any CPU
		Debug|iPhone = Debug|iPhone
		Debug|iPhoneSimulator = Debug|iPhoneSimulator
		Release|Any CPU = Release|Any CPU
		Release|iPhone = Release|iPhone
		Release|iPhoneSimulator = Release|iPhoneSimulator
	EndGlobalSection
	GlobalSection(ProjectConfigurationPlatforms) = postSolution
		{948D2B0B-A43E-4156-ACDD-577D8303336F}.Ad-Hoc|iPhone.ActiveCfg = Debug|Any CPU
		{948D2B0B-A43E-4156-ACDD-577D8303336F}.Ad-Hoc|iPhone.Build.0 = Debug|Any CPU
		{948D2B0B-A43E-4156-ACDD-577D8303336F}.AppStore|iPhone.ActiveCfg = Debug|Any CPU
		{948D2B0B-A43E-4156-ACDD-577D8303336F}.AppStore|iPhone.Build.0 = Debug|Any CPU
		{948D2B0B-A43E-4156-ACDD-577D8303336F}.Debug|Any CPU.ActiveCfg = Debug|Any CPU
		{948D2B0B-A43E-4156-ACDD-577D8303336F}.Debug|Any CPU.Build.0 = Debug|Any CPU
		{948D2B0B-A43E-4156-ACDD-577D8303336F}.Debug|iPhone.ActiveCfg = Debug|Any CPU
		{948D2B0B-A43E-4156-ACDD-577D8303336F}.Debug|iPhone.Build.0 = Debug|Any CPU
		{948D2B0B-A43E-4156-ACDD-577D8303336F}.Debug|iPhoneSimulator.ActiveCfg = Debug|Any CPU
		{948D2B0B-A43E-4156-ACDD-577D8303336F}.Debug|iPhoneSimulator.Build.0 = Debug|Any CPU
		{948D2B0B-A43E-4156-ACDD-577D8303336F}.Release|Any CPU.ActiveCfg = Release|Any CPU
		{948D2B0B-A43E-4156-ACDD-577D8303336F}.Release|Any CPU.Build.0 = Release|Any CPU
		{948D2B0B-A43E-4156-ACDD-577D8303336F}.Release|iPhone.ActiveCfg = Release|Any CPU
		{948D2B0B-A43E-4156-ACDD-577D8303336F}.Release|iPhone.Build.0 = Release|Any CPU
		{948D2B0B-A43E-4156-ACDD-577D8303336F}.Release|iPhoneSimulator.ActiveCfg = Release|Any CPU
		{948D2B0B-A43E-4156-ACDD-577D8303336F}.Release|iPhoneSimulator.Build.0 = Release|Any CPU
		{BBC84BC1-03CF-4609-BA89-4CA676DC6180}.Ad-Hoc|iPhone.ActiveCfg = Debug|Any CPU
		{BBC84BC1-03CF-4609-BA89-4CA676DC6180}.Ad-Hoc|iPhone.Build.0 = Debug|Any CPU
		{BBC84BC1-03CF-4609-BA89-4CA676DC6180}.AppStore|iPhone.ActiveCfg = Debug|Any CPU
		{BBC84BC1-03CF-4609-BA89-4CA676DC6180}.AppStore|iPhone.Build.0 = Debug|Any CPU
		{BBC84BC1-03CF-4609-BA89-4CA676DC6180}.Debug|Any CPU.ActiveCfg = Debug|Any CPU
		{BBC84BC1-03CF-4609-BA89-4CA676DC6180}.Debug|Any CPU.Build.0 = Debug|Any CPU
		{BBC84BC1-03CF-4609-BA89-4CA676DC6180}.Debug|iPhone.ActiveCfg = Debug|Any CPU
		{BBC84BC1-03CF-4609-BA89-4CA676DC6180}.Debug|iPhone.Build.0 = Debug|Any CPU
		{BBC84BC1-03CF-4609-BA89-4CA676DC6180}.Debug|iPhoneSimulator.ActiveCfg = Debug|Any CPU
		{BBC84BC1-03CF-4609-BA89-4CA676DC6180}.Debug|iPhoneSimulator.Build.0 = Debug|Any CPU
		{BBC84BC1-03CF-4609-BA89-4CA676DC6180}.Release|Any CPU.ActiveCfg = Release|Any CPU
		{BBC84BC1-03CF-4609-BA89-4CA676DC6180}.Release|Any CPU.Build.0 = Release|Any CPU
		{BBC84BC1-03CF-4609-BA89-4CA676DC6180}.Release|iPhone.ActiveCfg = Release|Any CPU
		{BBC84BC1-03CF-4609-BA89-4CA676DC6180}.Release|iPhone.Build.0 = Release|Any CPU
		{BBC84BC1-03CF-4609-BA89-4CA676DC6180}.Release|iPhoneSimulator.ActiveCfg = Release|Any CPU
		{BBC84BC1-03CF-4609-BA89-4CA676DC6180}.Release|iPhoneSimulator.Build.0 = Release|Any CPU
		{121F944B-BD39-48FE-BFF3-9DC045FB2F21}.Ad-Hoc|iPhone.ActiveCfg = Debug|Any CPU
		{121F944B-BD39-48FE-BFF3-9DC045FB2F21}.Ad-Hoc|iPhone.Build.0 = Debug|Any CPU
		{121F944B-BD39-48FE-BFF3-9DC045FB2F21}.AppStore|iPhone.ActiveCfg = Debug|Any CPU
		{121F944B-BD39-48FE-BFF3-9DC045FB2F21}.AppStore|iPhone.Build.0 = Debug|Any CPU
		{121F944B-BD39-48FE-BFF3-9DC045FB2F21}.Debug|Any CPU.ActiveCfg = Debug|Any CPU
		{121F944B-BD39-48FE-BFF3-9DC045FB2F21}.Debug|Any CPU.Build.0 = Debug|Any CPU
		{121F944B-BD39-48FE-BFF3-9DC045FB2F21}.Debug|iPhone.ActiveCfg = Debug|Any CPU
		{121F944B-BD39-48FE-BFF3-9DC045FB2F21}.Debug|iPhone.Build.0 = Debug|Any CPU
		{121F944B-BD39-48FE-BFF3-9DC045FB2F21}.Debug|iPhoneSimulator.ActiveCfg = Debug|Any CPU
		{121F944B-BD39-48FE-BFF3-9DC045FB2F21}.Debug|iPhoneSimulator.Build.0 = Debug|Any CPU
		{121F944B-BD39-48FE-BFF3-9DC045FB2F21}.Release|Any CPU.ActiveCfg = Release|Any CPU
		{121F944B-BD39-48FE-BFF3-9DC045FB2F21}.Release|Any CPU.Build.0 = Release|Any CPU
		{121F944B-BD39-48FE-BFF3-9DC045FB2F21}.Release|iPhone.ActiveCfg = Release|Any CPU
		{121F944B-BD39-48FE-BFF3-9DC045FB2F21}.Release|iPhone.Build.0 = Release|Any CPU
		{121F944B-BD39-48FE-BFF3-9DC045FB2F21}.Release|iPhoneSimulator.ActiveCfg = Release|Any CPU
		{121F944B-BD39-48FE-BFF3-9DC045FB2F21}.Release|iPhoneSimulator.Build.0 = Release|Any CPU
		{31CB89BC-8CB1-4923-A8FA-FB6061E7BF23}.Ad-Hoc|iPhone.ActiveCfg = Debug|Any CPU
		{31CB89BC-8CB1-4923-A8FA-FB6061E7BF23}.Ad-Hoc|iPhone.Build.0 = Debug|Any CPU
		{31CB89BC-8CB1-4923-A8FA-FB6061E7BF23}.AppStore|iPhone.ActiveCfg = Debug|Any CPU
		{31CB89BC-8CB1-4923-A8FA-FB6061E7BF23}.AppStore|iPhone.Build.0 = Debug|Any CPU
		{31CB89BC-8CB1-4923-A8FA-FB6061E7BF23}.Debug|Any CPU.ActiveCfg = Debug|Any CPU
		{31CB89BC-8CB1-4923-A8FA-FB6061E7BF23}.Debug|Any CPU.Build.0 = Debug|Any CPU
		{31CB89BC-8CB1-4923-A8FA-FB6061E7BF23}.Debug|iPhone.ActiveCfg = Debug|Any CPU
		{31CB89BC-8CB1-4923-A8FA-FB6061E7BF23}.Debug|iPhone.Build.0 = Debug|Any CPU
		{31CB89BC-8CB1-4923-A8FA-FB6061E7BF23}.Debug|iPhoneSimulator.ActiveCfg = Debug|Any CPU
		{31CB89BC-8CB1-4923-A8FA-FB6061E7BF23}.Debug|iPhoneSimulator.Build.0 = Debug|Any CPU
		{31CB89BC-8CB1-4923-A8FA-FB6061E7BF23}.Release|Any CPU.ActiveCfg = Release|Any CPU
		{31CB89BC-8CB1-4923-A8FA-FB6061E7BF23}.Release|Any CPU.Build.0 = Release|Any CPU
		{31CB89BC-8CB1-4923-A8FA-FB6061E7BF23}.Release|iPhone.ActiveCfg = Release|Any CPU
		{31CB89BC-8CB1-4923-A8FA-FB6061E7BF23}.Release|iPhone.Build.0 = Release|Any CPU
		{31CB89BC-8CB1-4923-A8FA-FB6061E7BF23}.Release|iPhoneSimulator.ActiveCfg = Release|Any CPU
		{31CB89BC-8CB1-4923-A8FA-FB6061E7BF23}.Release|iPhoneSimulator.Build.0 = Release|Any CPU
		{A2E8F95C-AE94-4D20-9DE2-7B01635CEA5E}.Ad-Hoc|iPhone.ActiveCfg = Ad-Hoc|iPhone
		{A2E8F95C-AE94-4D20-9DE2-7B01635CEA5E}.Ad-Hoc|iPhone.Build.0 = Ad-Hoc|iPhone
		{A2E8F95C-AE94-4D20-9DE2-7B01635CEA5E}.AppStore|iPhone.ActiveCfg = AppStore|iPhone
		{A2E8F95C-AE94-4D20-9DE2-7B01635CEA5E}.AppStore|iPhone.Build.0 = AppStore|iPhone
		{A2E8F95C-AE94-4D20-9DE2-7B01635CEA5E}.Debug|Any CPU.ActiveCfg = Debug|iPhoneSimulator
		{A2E8F95C-AE94-4D20-9DE2-7B01635CEA5E}.Debug|Any CPU.Build.0 = Debug|iPhoneSimulator
		{A2E8F95C-AE94-4D20-9DE2-7B01635CEA5E}.Debug|iPhone.ActiveCfg = Debug|iPhone
		{A2E8F95C-AE94-4D20-9DE2-7B01635CEA5E}.Debug|iPhone.Build.0 = Debug|iPhone
		{A2E8F95C-AE94-4D20-9DE2-7B01635CEA5E}.Debug|iPhoneSimulator.ActiveCfg = Debug|iPhoneSimulator
		{A2E8F95C-AE94-4D20-9DE2-7B01635CEA5E}.Debug|iPhoneSimulator.Build.0 = Debug|iPhoneSimulator
		{A2E8F95C-AE94-4D20-9DE2-7B01635CEA5E}.Release|Any CPU.ActiveCfg = Release|iPhoneSimulator
		{A2E8F95C-AE94-4D20-9DE2-7B01635CEA5E}.Release|Any CPU.Build.0 = Release|iPhoneSimulator
		{A2E8F95C-AE94-4D20-9DE2-7B01635CEA5E}.Release|iPhone.ActiveCfg = Release|iPhone
		{A2E8F95C-AE94-4D20-9DE2-7B01635CEA5E}.Release|iPhone.Build.0 = Release|iPhone
		{A2E8F95C-AE94-4D20-9DE2-7B01635CEA5E}.Release|iPhoneSimulator.ActiveCfg = Release|iPhoneSimulator
		{A2E8F95C-AE94-4D20-9DE2-7B01635CEA5E}.Release|iPhoneSimulator.Build.0 = Release|iPhoneSimulator
	EndGlobalSection
	GlobalSection(NestedProjects) = preSolution
		{948D2B0B-A43E-4156-ACDD-577D8303336F} = {B29A798D-5387-4533-B5DD-427317E10FE4}
		{BBC84BC1-03CF-4609-BA89-4CA676DC6180} = {B29A798D-5387-4533-B5DD-427317E10FE4}
		{121F944B-BD39-48FE-BFF3-9DC045FB2F21} = {B29A798D-5387-4533-B5DD-427317E10FE4}
		{31CB89BC-8CB1-4923-A8FA-FB6061E7BF23} = {15632704-122A-4B12-8D7D-099E64BC93BC}
		{A2E8F95C-AE94-4D20-9DE2-7B01635CEA5E} = {15632704-122A-4B12-8D7D-099E64BC93BC}
	EndGlobalSection
EndGlobal
