
Microsoft Visual Studio Solution File, Format Version 12.00
Project("{FAE04EC0-301F-11D3-BF4B-00C04F79EFBC}") = "RemoteNotes.Rules.Contract", "RemoteNotes.Core\RemoteNotes.Rules.Contract\RemoteNotes.Rules.Contract.csproj", "{B04F3ADE-E941-41AB-B475-1CCF11D5A2AB}"
EndProject
Project("{FAE04EC0-301F-11D3-BF4B-00C04F79EFBC}") = "RemoteNotes.Rules", "RemoteNotes.Core\RemoteNotes.Rules\RemoteNotes.Rules.csproj", "{1A8ADF36-E1FE-4DD3-A244-852D0FE9C7D5}"
EndProject
Global
	GlobalSection(SolutionConfigurationPlatforms) = preSolution
		Debug|Any CPU = Debug|Any CPU
		Release|Any CPU = Release|Any CPU
	EndGlobalSection
	GlobalSection(ProjectConfigurationPlatforms) = postSolution
		{B04F3ADE-E941-41AB-B475-1CCF11D5A2AB}.Debug|Any CPU.ActiveCfg = Debug|Any CPU
		{B04F3ADE-E941-41AB-B475-1CCF11D5A2AB}.Debug|Any CPU.Build.0 = Debug|Any CPU
		{B04F3ADE-E941-41AB-B475-1CCF11D5A2AB}.Release|Any CPU.ActiveCfg = Release|Any CPU
		{B04F3ADE-E941-41AB-B475-1CCF11D5A2AB}.Release|Any CPU.Build.0 = Release|Any CPU
		{1A8ADF36-E1FE-4DD3-A244-852D0FE9C7D5}.Debug|Any CPU.ActiveCfg = Debug|Any CPU
		{1A8ADF36-E1FE-4DD3-A244-852D0FE9C7D5}.Debug|Any CPU.Build.0 = Debug|Any CPU
		{1A8ADF36-E1FE-4DD3-A244-852D0FE9C7D5}.Release|Any CPU.ActiveCfg = Release|Any CPU
		{1A8ADF36-E1FE-4DD3-A244-852D0FE9C7D5}.Release|Any CPU.Build.0 = Release|Any CPU
	EndGlobalSection
EndGlobal
