
Microsoft Visual Studio Solution File, Format Version 12.00
# Visual Studio Version 16
Project("{FAE04EC0-301F-11D3-BF4B-00C04F79EFBC}") = "RemoteNotesServer", "RemoteNotesServer\RemoteNotesServer.csproj", "{CA29CEE1-B335-4CCA-9705-6BF2F1F5FA8C}"
EndProject
Project("{FAE04EC0-301F-11D3-BF4B-00C04F79EFBC}") = "RemoteNotes.Rules", "..\RemoteNotes.Core\RemoteNotes.Rules\RemoteNotes.Rules.csproj", "{4C153B0F-59CE-4E1B-B050-38DCA9855062}"
EndProject
Project("{FAE04EC0-301F-11D3-BF4B-00C04F79EFBC}") = "RemoteNotes.Rules.Contract", "..\RemoteNotes.Core\RemoteNotes.Rules.Contract\RemoteNotes.Rules.Contract.csproj", "{44F82D41-9EFF-4D2A-BC13-5B161D8F50B9}"
EndProject
Project("{2150E333-8FDC-42A3-9474-1A3956D46DE8}") = "API", "API", "{CE5B9E6A-BA12-40E2-A531-B2BDB7400860}"
EndProject
Project("{2150E333-8FDC-42A3-9474-1A3956D46DE8}") = "BL", "BL", "{53A9AFD7-A0CD-418F-AE78-72F822A1B2C9}"
EndProject
Project("{FAE04EC0-301F-11D3-BF4B-00C04F79EFBC}") = "RemoteNotes.BL", "BL\RemoteNotes.BL\RemoteNotes.BL.csproj", "{764C78F7-CA7D-4050-9402-ED26063B9160}"
EndProject
Project("{FAE04EC0-301F-11D3-BF4B-00C04F79EFBC}") = "RemoteNotes.BL.Security", "BL\RemoteNotes.BL.Security\RemoteNotes.BL.Security.csproj", "{93AA0BE5-D095-4C82-B4D3-9F0EF0491624}"
EndProject
Project("{2150E333-8FDC-42A3-9474-1A3956D46DE8}") = "DAL", "DAL", "{250B737B-B060-48AF-8BE7-E34BB96BC92D}"
EndProject
Project("{FAE04EC0-301F-11D3-BF4B-00C04F79EFBC}") = "RemoteNotes.DAL.Models", "DAL\RemoteNotes.DAL.Models\RemoteNotes.DAL.Models.csproj", "{CB595F8A-720A-4524-90E4-BD2170609E88}"
EndProject
Project("{FAE04EC0-301F-11D3-BF4B-00C04F79EFBC}") = "RemoteNotes.DAL.Contract", "DAL\RemoteNotes.DAL.Contract\RemoteNotes.DAL.Contract.csproj", "{BD9A2B8A-E498-4C2A-918B-ADC1004CE3B2}"
EndProject
Project("{FAE04EC0-301F-11D3-BF4B-00C04F79EFBC}") = "RemoteNotes.API", "API\RemoteNotes.API\RemoteNotes.API.csproj", "{F9D6A968-35BD-49AF-BB2D-3977F952B4E5}"
EndProject
Project("{FAE04EC0-301F-11D3-BF4B-00C04F79EFBC}") = "RemoteNotes.Hubs", "API\RemoteNotes.Hubs\RemoteNotes.Hubs.csproj", "{97A1425B-0678-4499-91E5-25F6A8D9F170}"
EndProject
Project("{FAE04EC0-301F-11D3-BF4B-00C04F79EFBC}") = "RemoteNotes.Domain", "..\RemoteNotes.Core\RemoteNotes.Domain\RemoteNotes.Domain.csproj", "{BA3D3666-800D-4B2E-BE09-12C398516CEB}"
EndProject
Global
	GlobalSection(SolutionConfigurationPlatforms) = preSolution
		Debug|Any CPU = Debug|Any CPU
		Release|Any CPU = Release|Any CPU
	EndGlobalSection
	GlobalSection(ProjectConfigurationPlatforms) = postSolution
		{CA29CEE1-B335-4CCA-9705-6BF2F1F5FA8C}.Debug|Any CPU.ActiveCfg = Debug|Any CPU
		{CA29CEE1-B335-4CCA-9705-6BF2F1F5FA8C}.Debug|Any CPU.Build.0 = Debug|Any CPU
		{CA29CEE1-B335-4CCA-9705-6BF2F1F5FA8C}.Release|Any CPU.ActiveCfg = Release|Any CPU
		{CA29CEE1-B335-4CCA-9705-6BF2F1F5FA8C}.Release|Any CPU.Build.0 = Release|Any CPU
		{4C153B0F-59CE-4E1B-B050-38DCA9855062}.Debug|Any CPU.ActiveCfg = Debug|Any CPU
		{4C153B0F-59CE-4E1B-B050-38DCA9855062}.Debug|Any CPU.Build.0 = Debug|Any CPU
		{4C153B0F-59CE-4E1B-B050-38DCA9855062}.Release|Any CPU.ActiveCfg = Release|Any CPU
		{4C153B0F-59CE-4E1B-B050-38DCA9855062}.Release|Any CPU.Build.0 = Release|Any CPU
		{44F82D41-9EFF-4D2A-BC13-5B161D8F50B9}.Debug|Any CPU.ActiveCfg = Debug|Any CPU
		{44F82D41-9EFF-4D2A-BC13-5B161D8F50B9}.Debug|Any CPU.Build.0 = Debug|Any CPU
		{44F82D41-9EFF-4D2A-BC13-5B161D8F50B9}.Release|Any CPU.ActiveCfg = Release|Any CPU
		{44F82D41-9EFF-4D2A-BC13-5B161D8F50B9}.Release|Any CPU.Build.0 = Release|Any CPU
		{764C78F7-CA7D-4050-9402-ED26063B9160}.Debug|Any CPU.ActiveCfg = Debug|Any CPU
		{764C78F7-CA7D-4050-9402-ED26063B9160}.Debug|Any CPU.Build.0 = Debug|Any CPU
		{764C78F7-CA7D-4050-9402-ED26063B9160}.Release|Any CPU.ActiveCfg = Release|Any CPU
		{764C78F7-CA7D-4050-9402-ED26063B9160}.Release|Any CPU.Build.0 = Release|Any CPU
		{93AA0BE5-D095-4C82-B4D3-9F0EF0491624}.Debug|Any CPU.ActiveCfg = Debug|Any CPU
		{93AA0BE5-D095-4C82-B4D3-9F0EF0491624}.Debug|Any CPU.Build.0 = Debug|Any CPU
		{93AA0BE5-D095-4C82-B4D3-9F0EF0491624}.Release|Any CPU.ActiveCfg = Release|Any CPU
		{93AA0BE5-D095-4C82-B4D3-9F0EF0491624}.Release|Any CPU.Build.0 = Release|Any CPU
		{CB595F8A-720A-4524-90E4-BD2170609E88}.Debug|Any CPU.ActiveCfg = Debug|Any CPU
		{CB595F8A-720A-4524-90E4-BD2170609E88}.Debug|Any CPU.Build.0 = Debug|Any CPU
		{CB595F8A-720A-4524-90E4-BD2170609E88}.Release|Any CPU.ActiveCfg = Release|Any CPU
		{CB595F8A-720A-4524-90E4-BD2170609E88}.Release|Any CPU.Build.0 = Release|Any CPU
		{BD9A2B8A-E498-4C2A-918B-ADC1004CE3B2}.Debug|Any CPU.ActiveCfg = Debug|Any CPU
		{BD9A2B8A-E498-4C2A-918B-ADC1004CE3B2}.Debug|Any CPU.Build.0 = Debug|Any CPU
		{BD9A2B8A-E498-4C2A-918B-ADC1004CE3B2}.Release|Any CPU.ActiveCfg = Release|Any CPU
		{BD9A2B8A-E498-4C2A-918B-ADC1004CE3B2}.Release|Any CPU.Build.0 = Release|Any CPU
		{F9D6A968-35BD-49AF-BB2D-3977F952B4E5}.Debug|Any CPU.ActiveCfg = Debug|Any CPU
		{F9D6A968-35BD-49AF-BB2D-3977F952B4E5}.Debug|Any CPU.Build.0 = Debug|Any CPU
		{F9D6A968-35BD-49AF-BB2D-3977F952B4E5}.Release|Any CPU.ActiveCfg = Release|Any CPU
		{F9D6A968-35BD-49AF-BB2D-3977F952B4E5}.Release|Any CPU.Build.0 = Release|Any CPU
		{97A1425B-0678-4499-91E5-25F6A8D9F170}.Debug|Any CPU.ActiveCfg = Debug|Any CPU
		{97A1425B-0678-4499-91E5-25F6A8D9F170}.Debug|Any CPU.Build.0 = Debug|Any CPU
		{97A1425B-0678-4499-91E5-25F6A8D9F170}.Release|Any CPU.ActiveCfg = Release|Any CPU
		{97A1425B-0678-4499-91E5-25F6A8D9F170}.Release|Any CPU.Build.0 = Release|Any CPU
		{BA3D3666-800D-4B2E-BE09-12C398516CEB}.Debug|Any CPU.ActiveCfg = Debug|Any CPU
		{BA3D3666-800D-4B2E-BE09-12C398516CEB}.Debug|Any CPU.Build.0 = Debug|Any CPU
		{BA3D3666-800D-4B2E-BE09-12C398516CEB}.Release|Any CPU.ActiveCfg = Release|Any CPU
		{BA3D3666-800D-4B2E-BE09-12C398516CEB}.Release|Any CPU.Build.0 = Release|Any CPU
	EndGlobalSection
	GlobalSection(NestedProjects) = preSolution
		{764C78F7-CA7D-4050-9402-ED26063B9160} = {53A9AFD7-A0CD-418F-AE78-72F822A1B2C9}
		{93AA0BE5-D095-4C82-B4D3-9F0EF0491624} = {53A9AFD7-A0CD-418F-AE78-72F822A1B2C9}
		{CB595F8A-720A-4524-90E4-BD2170609E88} = {250B737B-B060-48AF-8BE7-E34BB96BC92D}
		{F9D6A968-35BD-49AF-BB2D-3977F952B4E5} = {CE5B9E6A-BA12-40E2-A531-B2BDB7400860}
		{97A1425B-0678-4499-91E5-25F6A8D9F170} = {CE5B9E6A-BA12-40E2-A531-B2BDB7400860}
		{BD9A2B8A-E498-4C2A-918B-ADC1004CE3B2} = {53A9AFD7-A0CD-418F-AE78-72F822A1B2C9}
		{4C153B0F-59CE-4E1B-B050-38DCA9855062} = {53A9AFD7-A0CD-418F-AE78-72F822A1B2C9}
		{44F82D41-9EFF-4D2A-BC13-5B161D8F50B9} = {53A9AFD7-A0CD-418F-AE78-72F822A1B2C9}
		{BA3D3666-800D-4B2E-BE09-12C398516CEB} = {53A9AFD7-A0CD-418F-AE78-72F822A1B2C9}
	EndGlobalSection
EndGlobal
